// !$*UTF8*$!
{
	archiveVersion = 1;
	classes = {
	};
	objectVersion = 46;
	objects = {

/* Begin PBXAggregateTarget section */
		3A887B851D14F41D0041327D /* Cydia Package */ = {
			isa = PBXAggregateTarget;
			buildConfigurationList = 3A887B861D14F41D0041327D /* Build configuration list for PBXAggregateTarget "Cydia Package" */;
			buildPhases = (
				3A887B8C1D14F4280041327D /* ShellScript */,
			);
			dependencies = (
				3A887B8B1D14F4230041327D /* PBXTargetDependency */,
			);
			name = "Cydia Package";
			productName = "Cydia Package";
		};
		7471DCFA126F27A200CB0653 /* IPA */ = {
			isa = PBXAggregateTarget;
			buildConfigurationList = 7471DCFE126F27A400CB0653 /* Build configuration list for PBXAggregateTarget "IPA" */;
			buildPhases = (
				7471DD03126F27D300CB0653 /* ShellScript */,
			);
			dependencies = (
				AC00E8A418C4043D0084BBBA /* PBXTargetDependency */,
			);
			name = IPA;
			productName = IPA;
		};
/* End PBXAggregateTarget section */

/* Begin PBXBuildFile section */
		23ACED151D04F99A00B76404 /* Launch Screen.storyboard in Resources */ = {isa = PBXBuildFile; fileRef = 23ACED141D04F99A00B76404 /* Launch Screen.storyboard */; };
		3A1C03B01D0CE2AE005EB2A5 /* ALAlertBanner.m in Sources */ = {isa = PBXBuildFile; fileRef = 3A1C03AD1D0CE2AE005EB2A5 /* ALAlertBanner.m */; };
		3A1C03B11D0CE2AE005EB2A5 /* ALAlertBannerManager.m in Sources */ = {isa = PBXBuildFile; fileRef = 3A1C03AF1D0CE2AE005EB2A5 /* ALAlertBannerManager.m */; };
		3A4483821D0A12E500786CD3 /* GoogleMobileAds.framework in Frameworks */ = {isa = PBXBuildFile; fileRef = 3A4483811D0A12E500786CD3 /* GoogleMobileAds.framework */; };
		3A4483841D0A190A00786CD3 /* AudioToolbox.framework in Frameworks */ = {isa = PBXBuildFile; fileRef = 3A4483831D0A190A00786CD3 /* AudioToolbox.framework */; };
		3A4483861D0A199000786CD3 /* CoreMedia.framework in Frameworks */ = {isa = PBXBuildFile; fileRef = 3A4483851D0A199000786CD3 /* CoreMedia.framework */; };
		3A4483881D0A19B900786CD3 /* SafariServices.framework in Frameworks */ = {isa = PBXBuildFile; fileRef = 3A4483871D0A19B900786CD3 /* SafariServices.framework */; };
		3A44838A1D0A19EA00786CD3 /* CoreBluetooth.framework in Frameworks */ = {isa = PBXBuildFile; fileRef = 3A4483891D0A19EA00786CD3 /* CoreBluetooth.framework */; };
		3A44838C1D0A1A2D00786CD3 /* CoreTelephony.framework in Frameworks */ = {isa = PBXBuildFile; fileRef = 3A44838B1D0A1A2D00786CD3 /* CoreTelephony.framework */; };
		3A44838E1D0A1A5100786CD3 /* AdSupport.framework in Frameworks */ = {isa = PBXBuildFile; fileRef = 3A44838D1D0A1A5100786CD3 /* AdSupport.framework */; };
		3A4483901D0A1AB000786CD3 /* EventKitUI.framework in Frameworks */ = {isa = PBXBuildFile; fileRef = 3A44838F1D0A1AB000786CD3 /* EventKitUI.framework */; };
		3A4483921D0A1AB700786CD3 /* EventKit.framework in Frameworks */ = {isa = PBXBuildFile; fileRef = 3A4483911D0A1AB700786CD3 /* EventKit.framework */; };
		3A4483941D0A1AD500786CD3 /* MessageUI.framework in Frameworks */ = {isa = PBXBuildFile; fileRef = 3A4483931D0A1AD500786CD3 /* MessageUI.framework */; };
		3A4483961D0A1AE300786CD3 /* StoreKit.framework in Frameworks */ = {isa = PBXBuildFile; fileRef = 3A4483951D0A1AE300786CD3 /* StoreKit.framework */; };
		3A4483981D0A1B0000786CD3 /* MediaPlayer.framework in Frameworks */ = {isa = PBXBuildFile; fileRef = 3A4483971D0A1B0000786CD3 /* MediaPlayer.framework */; };
		3A887B841D14E6BE0041327D /* Entitlements.plist in Resources */ = {isa = PBXBuildFile; fileRef = 3A887B831D14E6BE0041327D /* Entitlements.plist */; };
		3A887B8F1D14F5F70041327D /* control in Resources */ = {isa = PBXBuildFile; fileRef = 3A887B8E1D14F5F70041327D /* control */; };
		3AE8C5BA1D14DB98006B78A3 /* phone.mp3 in Resources */ = {isa = PBXBuildFile; fileRef = 3AE8C5B91D14DB98006B78A3 /* phone.mp3 */; };
		895A738C18D9CB6F00561CD6 /* DiscoveredTorrentCell.m in Sources */ = {isa = PBXBuildFile; fileRef = 895A730F18D9CB6E00561CD6 /* DiscoveredTorrentCell.m */; };
		895A738D18D9CB6F00561CD6 /* FileListCell.m in Sources */ = {isa = PBXBuildFile; fileRef = 895A731118D9CB6E00561CD6 /* FileListCell.m */; };
		895A738E18D9CB6F00561CD6 /* FlexibleLabelCell.m in Sources */ = {isa = PBXBuildFile; fileRef = 895A731318D9CB6E00561CD6 /* FlexibleLabelCell.m */; };
		895A738F18D9CB6F00561CD6 /* NSDate+Helper.m in Sources */ = {isa = PBXBuildFile; fileRef = 895A731618D9CB6E00561CD6 /* NSDate+Helper.m */; };
		895A739018D9CB6F00561CD6 /* NSDictionaryAdditions.m in Sources */ = {isa = PBXBuildFile; fileRef = 895A731818D9CB6E00561CD6 /* NSDictionaryAdditions.m */; };
		895A739118D9CB6F00561CD6 /* NSString+RelativePath.m in Sources */ = {isa = PBXBuildFile; fileRef = 895A731A18D9CB6E00561CD6 /* NSString+RelativePath.m */; };
		895A739218D9CB6F00561CD6 /* NSStringAdditions.m in Sources */ = {isa = PBXBuildFile; fileRef = 895A731C18D9CB6E00561CD6 /* NSStringAdditions.m */; };
		895A739318D9CB6F00561CD6 /* TDBadgedCell.m in Sources */ = {isa = PBXBuildFile; fileRef = 895A731E18D9CB6E00561CD6 /* TDBadgedCell.m */; };
		895A739418D9CB6F00561CD6 /* TorrentCell.m in Sources */ = {isa = PBXBuildFile; fileRef = 895A732018D9CB6E00561CD6 /* TorrentCell.m */; };
		895A739518D9CB6F00561CD6 /* TrackerCell.m in Sources */ = {isa = PBXBuildFile; fileRef = 895A732218D9CB6E00561CD6 /* TrackerCell.m */; };
		895A739618D9CB6F00561CD6 /* PDColoredProgressView.m in Sources */ = {isa = PBXBuildFile; fileRef = 895A732518D9CB6E00561CD6 /* PDColoredProgressView.m */; };
		895A739718D9CB6F00561CD6 /* BandwidthController.m in Sources */ = {isa = PBXBuildFile; fileRef = 895A732818D9CB6E00561CD6 /* BandwidthController.m */; };
		895A739818D9CB6F00561CD6 /* Controller.m in Sources */ = {isa = PBXBuildFile; fileRef = 895A732A18D9CB6E00561CD6 /* Controller.m */; };
		895A739918D9CB6F00561CD6 /* DetailViewController.m in Sources */ = {isa = PBXBuildFile; fileRef = 895A732C18D9CB6E00561CD6 /* DetailViewController.m */; };
		895A739A18D9CB6F00561CD6 /* FileListViewController.m in Sources */ = {isa = PBXBuildFile; fileRef = 895A732E18D9CB6E00561CD6 /* FileListViewController.m */; };
		895A739C18D9CB6F00561CD6 /* PrefViewController.m in Sources */ = {isa = PBXBuildFile; fileRef = 895A733218D9CB6E00561CD6 /* PrefViewController.m */; };
		895A739E18D9CB6F00561CD6 /* TorrentViewController.m in Sources */ = {isa = PBXBuildFile; fileRef = 895A733618D9CB6E00561CD6 /* TorrentViewController.m */; };
		895A739F18D9CB6F00561CD6 /* TrackersViewController.m in Sources */ = {isa = PBXBuildFile; fileRef = 895A733818D9CB6E00561CD6 /* TrackersViewController.m */; };
		895A73A518D9CB6F00561CD6 /* bannerAlert.png in Resources */ = {isa = PBXBuildFile; fileRef = 895A734618D9CB6E00561CD6 /* bannerAlert.png */; };
		895A73A618D9CB6F00561CD6 /* bannerAlert@2x.png in Resources */ = {isa = PBXBuildFile; fileRef = 895A734718D9CB6E00561CD6 /* bannerAlert@2x.png */; };
		895A73A718D9CB6F00561CD6 /* bannerFailure.png in Resources */ = {isa = PBXBuildFile; fileRef = 895A734818D9CB6E00561CD6 /* bannerFailure.png */; };
		895A73A818D9CB6F00561CD6 /* bannerFailure@2x.png in Resources */ = {isa = PBXBuildFile; fileRef = 895A734918D9CB6E00561CD6 /* bannerFailure@2x.png */; };
		895A73A918D9CB6F00561CD6 /* bannerNotify.png in Resources */ = {isa = PBXBuildFile; fileRef = 895A734A18D9CB6E00561CD6 /* bannerNotify.png */; };
		895A73AA18D9CB6F00561CD6 /* bannerNotify@2x.png in Resources */ = {isa = PBXBuildFile; fileRef = 895A734B18D9CB6E00561CD6 /* bannerNotify@2x.png */; };
		895A73AB18D9CB6F00561CD6 /* bannerSuccess.png in Resources */ = {isa = PBXBuildFile; fileRef = 895A734C18D9CB6E00561CD6 /* bannerSuccess.png */; };
		895A73AC18D9CB6F00561CD6 /* bannerSuccess@2x.png in Resources */ = {isa = PBXBuildFile; fileRef = 895A734D18D9CB6E00561CD6 /* bannerSuccess@2x.png */; };
		895A73AD18D9CB6F00561CD6 /* PortChecker.m in Sources */ = {isa = PBXBuildFile; fileRef = 895A735218D9CB6E00561CD6 /* PortChecker.m */; };
		895A73AE18D9CB6F00561CD6 /* Torrent.m in Sources */ = {isa = PBXBuildFile; fileRef = 895A735418D9CB6E00561CD6 /* Torrent.m */; };
		895A73AF18D9CB6F00561CD6 /* TorrentFetcher.m in Sources */ = {isa = PBXBuildFile; fileRef = 895A735618D9CB6E00561CD6 /* TorrentFetcher.m */; };
		895A73B018D9CB6F00561CD6 /* FileListNode.m in Sources */ = {isa = PBXBuildFile; fileRef = 895A735A18D9CB6E00561CD6 /* FileListNode.m */; };
		895A73B118D9CB6F00561CD6 /* TrackerNode.m in Sources */ = {isa = PBXBuildFile; fileRef = 895A735C18D9CB6E00561CD6 /* TrackerNode.m */; };
		895A73B418D9CB6F00561CD6 /* CheckboxControl.m in Sources */ = {isa = PBXBuildFile; fileRef = 895A736518D9CB6E00561CD6 /* CheckboxControl.m */; };
		895A73B518D9CB6F00561CD6 /* ClipboardLabel.m in Sources */ = {isa = PBXBuildFile; fileRef = 895A736718D9CB6E00561CD6 /* ClipboardLabel.m */; };
		895A73B618D9CB6F00561CD6 /* ControlButton.m in Sources */ = {isa = PBXBuildFile; fileRef = 895A736918D9CB6E00561CD6 /* ControlButton.m */; };
		895A73B718D9CB6F00561CD6 /* TransparentClickArea.m in Sources */ = {isa = PBXBuildFile; fileRef = 895A736B18D9CB6E00561CD6 /* TransparentClickArea.m */; };
		895A73B818D9CB6F00561CD6 /* SVWebViewController.strings in Resources */ = {isa = PBXBuildFile; fileRef = 895A736D18D9CB6E00561CD6 /* SVWebViewController.strings */; };
		895A73B918D9CB6F00561CD6 /* SVModalWebViewController.m in Sources */ = {isa = PBXBuildFile; fileRef = 895A737518D9CB6E00561CD6 /* SVModalWebViewController.m */; };
		895A73BA18D9CB6F00561CD6 /* SVWebViewController.bundle in Resources */ = {isa = PBXBuildFile; fileRef = 895A737618D9CB6E00561CD6 /* SVWebViewController.bundle */; };
		895A73BB18D9CB6F00561CD6 /* SVWebViewController.m in Sources */ = {isa = PBXBuildFile; fileRef = 895A737818D9CB6E00561CD6 /* SVWebViewController.m */; };
		895A73BC18D9CB6F00561CD6 /* SVWebViewControllerActivityChrome-iPad.png in Resources */ = {isa = PBXBuildFile; fileRef = 895A737B18D9CB6E00561CD6 /* SVWebViewControllerActivityChrome-iPad.png */; };
		895A73BD18D9CB6F00561CD6 /* SVWebViewControllerActivityChrome-iPad@2x.png in Resources */ = {isa = PBXBuildFile; fileRef = 895A737C18D9CB6E00561CD6 /* SVWebViewControllerActivityChrome-iPad@2x.png */; };
		895A73BE18D9CB6F00561CD6 /* SVWebViewControllerActivityChrome.m in Sources */ = {isa = PBXBuildFile; fileRef = 895A737E18D9CB6E00561CD6 /* SVWebViewControllerActivityChrome.m */; };
		895A73BF18D9CB6F00561CD6 /* SVWebViewControllerActivityChrome@2x.png in Resources */ = {isa = PBXBuildFile; fileRef = 895A737F18D9CB6E00561CD6 /* SVWebViewControllerActivityChrome@2x.png */; };
		895A73C018D9CB6F00561CD6 /* SVWebViewControllerActivitySafari-iPad.png in Resources */ = {isa = PBXBuildFile; fileRef = 895A738118D9CB6F00561CD6 /* SVWebViewControllerActivitySafari-iPad.png */; };
		895A73C118D9CB6F00561CD6 /* SVWebViewControllerActivitySafari-iPad@2x.png in Resources */ = {isa = PBXBuildFile; fileRef = 895A738218D9CB6F00561CD6 /* SVWebViewControllerActivitySafari-iPad@2x.png */; };
		895A73C218D9CB6F00561CD6 /* SVWebViewControllerActivitySafari.m in Sources */ = {isa = PBXBuildFile; fileRef = 895A738418D9CB6F00561CD6 /* SVWebViewControllerActivitySafari.m */; };
		895A73C318D9CB6F00561CD6 /* SVWebViewControllerActivitySafari@2x.png in Resources */ = {isa = PBXBuildFile; fileRef = 895A738518D9CB6F00561CD6 /* SVWebViewControllerActivitySafari@2x.png */; };
		895A73C418D9CB6F00561CD6 /* SVWebViewControllerActivity.m in Sources */ = {isa = PBXBuildFile; fileRef = 895A738718D9CB6F00561CD6 /* SVWebViewControllerActivity.m */; };
		895A749218D9CB7E00561CD6 /* bandwidth-icon.png in Resources */ = {isa = PBXBuildFile; fileRef = 895A740518D9CB7E00561CD6 /* bandwidth-icon.png */; };
		895A749318D9CB7E00561CD6 /* bandwidth-icon@2x.png in Resources */ = {isa = PBXBuildFile; fileRef = 895A740618D9CB7E00561CD6 /* bandwidth-icon@2x.png */; };
		895A749418D9CB7E00561CD6 /* blackArrow.png in Resources */ = {isa = PBXBuildFile; fileRef = 895A740718D9CB7E00561CD6 /* blackArrow.png */; };
		895A749518D9CB7E00561CD6 /* blackArrow@2x.png in Resources */ = {isa = PBXBuildFile; fileRef = 895A740818D9CB7E00561CD6 /* blackArrow@2x.png */; };
		895A749618D9CB7E00561CD6 /* blueArrow.png in Resources */ = {isa = PBXBuildFile; fileRef = 895A740918D9CB7E00561CD6 /* blueArrow.png */; };
		895A749718D9CB7E00561CD6 /* blueArrow@2x.png in Resources */ = {isa = PBXBuildFile; fileRef = 895A740A18D9CB7E00561CD6 /* blueArrow@2x.png */; };
		895A749818D9CB7E00561CD6 /* cell-background.png in Resources */ = {isa = PBXBuildFile; fileRef = 895A740B18D9CB7E00561CD6 /* cell-background.png */; };
		895A749918D9CB7E00561CD6 /* checkbox_checked.png in Resources */ = {isa = PBXBuildFile; fileRef = 895A740C18D9CB7E00561CD6 /* checkbox_checked.png */; };
		895A749A18D9CB7E00561CD6 /* checkbox_unchecked.png in Resources */ = {isa = PBXBuildFile; fileRef = 895A740D18D9CB7E00561CD6 /* checkbox_unchecked.png */; };
		895A749B18D9CB7E00561CD6 /* donedown.png in Resources */ = {isa = PBXBuildFile; fileRef = 895A740E18D9CB7E00561CD6 /* donedown.png */; };
		895A749C18D9CB7E00561CD6 /* doneup.png in Resources */ = {isa = PBXBuildFile; fileRef = 895A740F18D9CB7E00561CD6 /* doneup.png */; };
		895A749D18D9CB7E00561CD6 /* down_arrow.png in Resources */ = {isa = PBXBuildFile; fileRef = 895A741018D9CB7E00561CD6 /* down_arrow.png */; };
		895A749E18D9CB7E00561CD6 /* FavIcon.png in Resources */ = {isa = PBXBuildFile; fileRef = 895A741118D9CB7E00561CD6 /* FavIcon.png */; };
		895A749F18D9CB7E00561CD6 /* FavIcon@2x.png in Resources */ = {isa = PBXBuildFile; fileRef = 895A741218D9CB7E00561CD6 /* FavIcon@2x.png */; };
		895A74A018D9CB7E00561CD6 /* gear-icon.png in Resources */ = {isa = PBXBuildFile; fileRef = 895A741318D9CB7E00561CD6 /* gear-icon.png */; };
		895A74A118D9CB7E00561CD6 /* gear-icon@2x.png in Resources */ = {isa = PBXBuildFile; fileRef = 895A741418D9CB7E00561CD6 /* gear-icon@2x.png */; };
		895A74A218D9CB7E00561CD6 /* grayArrow.png in Resources */ = {isa = PBXBuildFile; fileRef = 895A741518D9CB7E00561CD6 /* grayArrow.png */; };
		895A74A318D9CB7E00561CD6 /* grayArrow@2x.png in Resources */ = {isa = PBXBuildFile; fileRef = 895A741618D9CB7E00561CD6 /* grayArrow@2x.png */; };
		895A74A418D9CB7E00561CD6 /* GreenDot.png in Resources */ = {isa = PBXBuildFile; fileRef = 895A741718D9CB7E00561CD6 /* GreenDot.png */; };
		895A74A518D9CB7E00561CD6 /* pause_icon-ios7@2x.png in Resources */ = {isa = PBXBuildFile; fileRef = 895A741818D9CB7E00561CD6 /* pause_icon-ios7@2x.png */; };
		895A74A618D9CB7E00561CD6 /* play_icon-ios7@2x.png in Resources */ = {isa = PBXBuildFile; fileRef = 895A741918D9CB7E00561CD6 /* play_icon-ios7@2x.png */; };
		895A74A718D9CB7E00561CD6 /* question-mark.png in Resources */ = {isa = PBXBuildFile; fileRef = 895A741A18D9CB7E00561CD6 /* question-mark.png */; };
		895A74A818D9CB7E00561CD6 /* up-arrow.png in Resources */ = {isa = PBXBuildFile; fileRef = 895A741B18D9CB7E00561CD6 /* up-arrow.png */; };
		895A74A918D9CB7E00561CD6 /* whiteArrow.png in Resources */ = {isa = PBXBuildFile; fileRef = 895A741C18D9CB7E00561CD6 /* whiteArrow.png */; };
		895A74AA18D9CB7E00561CD6 /* whiteArrow@2x.png in Resources */ = {isa = PBXBuildFile; fileRef = 895A741D18D9CB7E00561CD6 /* whiteArrow@2x.png */; };
		895A74AB18D9CB7E00561CD6 /* YellowDot.png in Resources */ = {isa = PBXBuildFile; fileRef = 895A741E18D9CB7E00561CD6 /* YellowDot.png */; };
		895A74AC18D9CB7E00561CD6 /* magnet_ex in Resources */ = {isa = PBXBuildFile; fileRef = 895A742018D9CB7E00561CD6 /* magnet_ex */; };
		895A74AD18D9CB7E00561CD6 /* url_ex in Resources */ = {isa = PBXBuildFile; fileRef = 895A742118D9CB7E00561CD6 /* url_ex */; };
		895A74E218D9CB8500561CD6 /* main.m in Sources */ = {isa = PBXBuildFile; fileRef = 895A74E018D9CB8500561CD6 /* main.m */; };
		895A74F618D9CB8A00561CD6 /* FileListCell.xib in Resources */ = {isa = PBXBuildFile; fileRef = 895A74E518D9CB8A00561CD6 /* FileListCell.xib */; };
		895A74F718D9CB8A00561CD6 /* TorrentCell.xib in Resources */ = {isa = PBXBuildFile; fileRef = 895A74E618D9CB8A00561CD6 /* TorrentCell.xib */; };
		895A74F818D9CB8A00561CD6 /* TrackerCell.xib in Resources */ = {isa = PBXBuildFile; fileRef = 895A74E718D9CB8A00561CD6 /* TrackerCell.xib */; };
		895A74F918D9CB8A00561CD6 /* BandwidthController.xib in Resources */ = {isa = PBXBuildFile; fileRef = 895A74E918D9CB8A00561CD6 /* BandwidthController.xib */; };
		895A74FA18D9CB8A00561CD6 /* DetailViewController.xib in Resources */ = {isa = PBXBuildFile; fileRef = 895A74EA18D9CB8A00561CD6 /* DetailViewController.xib */; };
		895A74FB18D9CB8A00561CD6 /* DiscoveredTorrentCell.xib in Resources */ = {isa = PBXBuildFile; fileRef = 895A74EB18D9CB8A00561CD6 /* DiscoveredTorrentCell.xib */; };
		895A74FC18D9CB8A00561CD6 /* FileListController_iPad.xib in Resources */ = {isa = PBXBuildFile; fileRef = 895A74EC18D9CB8A00561CD6 /* FileListController_iPad.xib */; };
		895A74FD18D9CB8A00561CD6 /* FileListViewController.xib in Resources */ = {isa = PBXBuildFile; fileRef = 895A74ED18D9CB8A00561CD6 /* FileListViewController.xib */; };
		895A74FE18D9CB8A00561CD6 /* PrefViewController.xib in Resources */ = {isa = PBXBuildFile; fileRef = 895A74EE18D9CB8A00561CD6 /* PrefViewController.xib */; };
		895A74FF18D9CB8A00561CD6 /* PrefViewController_iPad.xib in Resources */ = {isa = PBXBuildFile; fileRef = 895A74EF18D9CB8A00561CD6 /* PrefViewController_iPad.xib */; };
		895A750018D9CB8A00561CD6 /* TorrentViewController.xib in Resources */ = {isa = PBXBuildFile; fileRef = 895A74F018D9CB8A00561CD6 /* TorrentViewController.xib */; };
		895A750118D9CB8A00561CD6 /* TorrentViewController_iPad.xib in Resources */ = {isa = PBXBuildFile; fileRef = 895A74F118D9CB8A00561CD6 /* TorrentViewController_iPad.xib */; };
		895A750218D9CB8A00561CD6 /* TrackersViewController.xib in Resources */ = {isa = PBXBuildFile; fileRef = 895A74F218D9CB8A00561CD6 /* TrackersViewController.xib */; };
		895A750318D9CB8A00561CD6 /* TrackersViewController_iPad.xib in Resources */ = {isa = PBXBuildFile; fileRef = 895A74F318D9CB8A00561CD6 /* TrackersViewController_iPad.xib */; };
		895A750418D9CB8A00561CD6 /* MainWindow.xib in Resources */ = {isa = PBXBuildFile; fileRef = 895A74F418D9CB8A00561CD6 /* MainWindow.xib */; };
		895A750718D9CF9B00561CD6 /* Images.xcassets in Resources */ = {isa = PBXBuildFile; fileRef = 895A750618D9CF9B00561CD6 /* Images.xcassets */; };
		895A750918D9D4EF00561CD6 /* license.txt in Resources */ = {isa = PBXBuildFile; fileRef = 895A750818D9D4EF00561CD6 /* license.txt */; };
		897DEFE418DEF01100E12909 /* AVFoundation.framework in Frameworks */ = {isa = PBXBuildFile; fileRef = 89F9EE8818381630001A2A4D /* AVFoundation.framework */; };
		898124A318884D2900DB955B /* CoreGraphics.framework in Frameworks */ = {isa = PBXBuildFile; fileRef = 288765FC0DF74451002DB57D /* CoreGraphics.framework */; };
		898124A418884D2900DB955B /* Foundation.framework in Frameworks */ = {isa = PBXBuildFile; fileRef = 1D30AB110D05D00D00671497 /* Foundation.framework */; };
		898124A518884D2900DB955B /* UIKit.framework in Frameworks */ = {isa = PBXBuildFile; fileRef = 1DF5F4DF0D08C38300B7A737 /* UIKit.framework */; };
		898124A618884D2900DB955B /* QuartzCore.framework in Frameworks */ = {isa = PBXBuildFile; fileRef = 74861F521259DB06005FDE74 /* QuartzCore.framework */; };
		898124A718884D2900DB955B /* SystemConfiguration.framework in Frameworks */ = {isa = PBXBuildFile; fileRef = 7437B171125B4B6500B456EF /* SystemConfiguration.framework */; };
/* End PBXBuildFile section */

/* Begin PBXContainerItemProxy section */
		3A887B8A1D14F4230041327D /* PBXContainerItemProxy */ = {
			isa = PBXContainerItemProxy;
			containerPortal = 29B97313FDCFA39411CA2CEA /* Project object */;
			proxyType = 1;
			remoteGlobalIDString = 8981243218884D2900DB955B;
			remoteInfo = iTransmission;
		};
		AC00E8A318C4043D0084BBBA /* PBXContainerItemProxy */ = {
			isa = PBXContainerItemProxy;
			containerPortal = 29B97313FDCFA39411CA2CEA /* Project object */;
			proxyType = 1;
			remoteGlobalIDString = 8981243218884D2900DB955B;
			remoteInfo = iTransmission;
		};
/* End PBXContainerItemProxy section */

/* Begin PBXFileReference section */
		1D30AB110D05D00D00671497 /* Foundation.framework */ = {isa = PBXFileReference; lastKnownFileType = wrapper.framework; name = Foundation.framework; path = System/Library/Frameworks/Foundation.framework; sourceTree = SDKROOT; };
		1DF5F4DF0D08C38300B7A737 /* UIKit.framework */ = {isa = PBXFileReference; lastKnownFileType = wrapper.framework; name = UIKit.framework; path = System/Library/Frameworks/UIKit.framework; sourceTree = SDKROOT; };
		23ACED141D04F99A00B76404 /* Launch Screen.storyboard */ = {isa = PBXFileReference; fileEncoding = 4; lastKnownFileType = file.storyboard; path = "Launch Screen.storyboard"; sourceTree = "<group>"; };
		288765FC0DF74451002DB57D /* CoreGraphics.framework */ = {isa = PBXFileReference; lastKnownFileType = wrapper.framework; name = CoreGraphics.framework; path = System/Library/Frameworks/CoreGraphics.framework; sourceTree = SDKROOT; };
		3A1C03AB1D0CE2AE005EB2A5 /* ALAlertBanner+Private.h */ = {isa = PBXFileReference; fileEncoding = 4; lastKnownFileType = sourcecode.c.h; path = "ALAlertBanner+Private.h"; sourceTree = "<group>"; };
		3A1C03AC1D0CE2AE005EB2A5 /* ALAlertBanner.h */ = {isa = PBXFileReference; fileEncoding = 4; lastKnownFileType = sourcecode.c.h; path = ALAlertBanner.h; sourceTree = "<group>"; };
		3A1C03AD1D0CE2AE005EB2A5 /* ALAlertBanner.m */ = {isa = PBXFileReference; fileEncoding = 4; lastKnownFileType = sourcecode.c.objc; path = ALAlertBanner.m; sourceTree = "<group>"; };
		3A1C03AE1D0CE2AE005EB2A5 /* ALAlertBannerManager.h */ = {isa = PBXFileReference; fileEncoding = 4; lastKnownFileType = sourcecode.c.h; path = ALAlertBannerManager.h; sourceTree = "<group>"; };
		3A1C03AF1D0CE2AE005EB2A5 /* ALAlertBannerManager.m */ = {isa = PBXFileReference; fileEncoding = 4; lastKnownFileType = sourcecode.c.objc; path = ALAlertBannerManager.m; sourceTree = "<group>"; };
		3A4483811D0A12E500786CD3 /* GoogleMobileAds.framework */ = {isa = PBXFileReference; lastKnownFileType = wrapper.framework; path = GoogleMobileAds.framework; sourceTree = "<group>"; };
		3A4483831D0A190A00786CD3 /* AudioToolbox.framework */ = {isa = PBXFileReference; lastKnownFileType = wrapper.framework; name = AudioToolbox.framework; path = System/Library/Frameworks/AudioToolbox.framework; sourceTree = SDKROOT; };
		3A4483851D0A199000786CD3 /* CoreMedia.framework */ = {isa = PBXFileReference; lastKnownFileType = wrapper.framework; name = CoreMedia.framework; path = System/Library/Frameworks/CoreMedia.framework; sourceTree = SDKROOT; };
		3A4483871D0A19B900786CD3 /* SafariServices.framework */ = {isa = PBXFileReference; lastKnownFileType = wrapper.framework; name = SafariServices.framework; path = System/Library/Frameworks/SafariServices.framework; sourceTree = SDKROOT; };
		3A4483891D0A19EA00786CD3 /* CoreBluetooth.framework */ = {isa = PBXFileReference; lastKnownFileType = wrapper.framework; name = CoreBluetooth.framework; path = System/Library/Frameworks/CoreBluetooth.framework; sourceTree = SDKROOT; };
		3A44838B1D0A1A2D00786CD3 /* CoreTelephony.framework */ = {isa = PBXFileReference; lastKnownFileType = wrapper.framework; name = CoreTelephony.framework; path = System/Library/Frameworks/CoreTelephony.framework; sourceTree = SDKROOT; };
		3A44838D1D0A1A5100786CD3 /* AdSupport.framework */ = {isa = PBXFileReference; lastKnownFileType = wrapper.framework; name = AdSupport.framework; path = System/Library/Frameworks/AdSupport.framework; sourceTree = SDKROOT; };
		3A44838F1D0A1AB000786CD3 /* EventKitUI.framework */ = {isa = PBXFileReference; lastKnownFileType = wrapper.framework; name = EventKitUI.framework; path = System/Library/Frameworks/EventKitUI.framework; sourceTree = SDKROOT; };
		3A4483911D0A1AB700786CD3 /* EventKit.framework */ = {isa = PBXFileReference; lastKnownFileType = wrapper.framework; name = EventKit.framework; path = System/Library/Frameworks/EventKit.framework; sourceTree = SDKROOT; };
		3A4483931D0A1AD500786CD3 /* MessageUI.framework */ = {isa = PBXFileReference; lastKnownFileType = wrapper.framework; name = MessageUI.framework; path = System/Library/Frameworks/MessageUI.framework; sourceTree = SDKROOT; };
		3A4483951D0A1AE300786CD3 /* StoreKit.framework */ = {isa = PBXFileReference; lastKnownFileType = wrapper.framework; name = StoreKit.framework; path = System/Library/Frameworks/StoreKit.framework; sourceTree = SDKROOT; };
		3A4483971D0A1B0000786CD3 /* MediaPlayer.framework */ = {isa = PBXFileReference; lastKnownFileType = wrapper.framework; name = MediaPlayer.framework; path = System/Library/Frameworks/MediaPlayer.framework; sourceTree = SDKROOT; };
		3A887B831D14E6BE0041327D /* Entitlements.plist */ = {isa = PBXFileReference; fileEncoding = 4; lastKnownFileType = text.plist.xml; path = Entitlements.plist; sourceTree = "<group>"; };
		3A887B8E1D14F5F70041327D /* control */ = {isa = PBXFileReference; fileEncoding = 4; lastKnownFileType = text; name = control; path = DEBIAN/control; sourceTree = "<group>"; };
		3AE8C5B91D14DB98006B78A3 /* phone.mp3 */ = {isa = PBXFileReference; lastKnownFileType = audio.mp3; path = phone.mp3; sourceTree = "<group>"; };
		7437B171125B4B6500B456EF /* SystemConfiguration.framework */ = {isa = PBXFileReference; lastKnownFileType = wrapper.framework; name = SystemConfiguration.framework; path = System/Library/Frameworks/SystemConfiguration.framework; sourceTree = SDKROOT; };
		74861F521259DB06005FDE74 /* QuartzCore.framework */ = {isa = PBXFileReference; lastKnownFileType = wrapper.framework; name = QuartzCore.framework; path = System/Library/Frameworks/QuartzCore.framework; sourceTree = SDKROOT; };
		7EDBAD5613CA984B0047AB4B /* libicucore.dylib */ = {isa = PBXFileReference; lastKnownFileType = "compiled.mach-o.dylib"; name = libicucore.dylib; path = usr/lib/libicucore.dylib; sourceTree = SDKROOT; };
		895A730E18D9CB6E00561CD6 /* DiscoveredTorrentCell.h */ = {isa = PBXFileReference; fileEncoding = 4; lastKnownFileType = sourcecode.c.h; path = DiscoveredTorrentCell.h; sourceTree = "<group>"; };
		895A730F18D9CB6E00561CD6 /* DiscoveredTorrentCell.m */ = {isa = PBXFileReference; fileEncoding = 4; lastKnownFileType = sourcecode.c.objc; path = DiscoveredTorrentCell.m; sourceTree = "<group>"; };
		895A731018D9CB6E00561CD6 /* FileListCell.h */ = {isa = PBXFileReference; fileEncoding = 4; lastKnownFileType = sourcecode.c.h; path = FileListCell.h; sourceTree = "<group>"; };
		895A731118D9CB6E00561CD6 /* FileListCell.m */ = {isa = PBXFileReference; fileEncoding = 4; lastKnownFileType = sourcecode.c.objc; path = FileListCell.m; sourceTree = "<group>"; };
		895A731218D9CB6E00561CD6 /* FlexibleLabelCell.h */ = {isa = PBXFileReference; fileEncoding = 4; lastKnownFileType = sourcecode.c.h; path = FlexibleLabelCell.h; sourceTree = "<group>"; };
		895A731318D9CB6E00561CD6 /* FlexibleLabelCell.m */ = {isa = PBXFileReference; fileEncoding = 4; lastKnownFileType = sourcecode.c.objc; path = FlexibleLabelCell.m; sourceTree = "<group>"; };
		895A731518D9CB6E00561CD6 /* NSDate+Helper.h */ = {isa = PBXFileReference; fileEncoding = 4; lastKnownFileType = sourcecode.c.h; path = "NSDate+Helper.h"; sourceTree = "<group>"; };
		895A731618D9CB6E00561CD6 /* NSDate+Helper.m */ = {isa = PBXFileReference; fileEncoding = 4; lastKnownFileType = sourcecode.c.objc; path = "NSDate+Helper.m"; sourceTree = "<group>"; };
		895A731718D9CB6E00561CD6 /* NSDictionaryAdditions.h */ = {isa = PBXFileReference; fileEncoding = 4; lastKnownFileType = sourcecode.c.h; path = NSDictionaryAdditions.h; sourceTree = "<group>"; };
		895A731818D9CB6E00561CD6 /* NSDictionaryAdditions.m */ = {isa = PBXFileReference; fileEncoding = 4; lastKnownFileType = sourcecode.c.objc; path = NSDictionaryAdditions.m; sourceTree = "<group>"; };
		895A731918D9CB6E00561CD6 /* NSString+RelativePath.h */ = {isa = PBXFileReference; fileEncoding = 4; lastKnownFileType = sourcecode.c.h; path = "NSString+RelativePath.h"; sourceTree = "<group>"; };
		895A731A18D9CB6E00561CD6 /* NSString+RelativePath.m */ = {isa = PBXFileReference; fileEncoding = 4; lastKnownFileType = sourcecode.c.objc; path = "NSString+RelativePath.m"; sourceTree = "<group>"; };
		895A731B18D9CB6E00561CD6 /* NSStringAdditions.h */ = {isa = PBXFileReference; fileEncoding = 4; lastKnownFileType = sourcecode.c.h; path = NSStringAdditions.h; sourceTree = "<group>"; };
		895A731C18D9CB6E00561CD6 /* NSStringAdditions.m */ = {isa = PBXFileReference; fileEncoding = 4; lastKnownFileType = sourcecode.c.objc; path = NSStringAdditions.m; sourceTree = "<group>"; };
		895A731D18D9CB6E00561CD6 /* TDBadgedCell.h */ = {isa = PBXFileReference; fileEncoding = 4; lastKnownFileType = sourcecode.c.h; path = TDBadgedCell.h; sourceTree = "<group>"; };
		895A731E18D9CB6E00561CD6 /* TDBadgedCell.m */ = {isa = PBXFileReference; fileEncoding = 4; lastKnownFileType = sourcecode.c.objc; path = TDBadgedCell.m; sourceTree = "<group>"; };
		895A731F18D9CB6E00561CD6 /* TorrentCell.h */ = {isa = PBXFileReference; fileEncoding = 4; lastKnownFileType = sourcecode.c.h; path = TorrentCell.h; sourceTree = "<group>"; };
		895A732018D9CB6E00561CD6 /* TorrentCell.m */ = {isa = PBXFileReference; fileEncoding = 4; lastKnownFileType = sourcecode.c.objc; path = TorrentCell.m; sourceTree = "<group>"; };
		895A732118D9CB6E00561CD6 /* TrackerCell.h */ = {isa = PBXFileReference; fileEncoding = 4; lastKnownFileType = sourcecode.c.h; path = TrackerCell.h; sourceTree = "<group>"; };
		895A732218D9CB6E00561CD6 /* TrackerCell.m */ = {isa = PBXFileReference; fileEncoding = 4; lastKnownFileType = sourcecode.c.objc; path = TrackerCell.m; sourceTree = "<group>"; };
		895A732418D9CB6E00561CD6 /* PDColoredProgressView.h */ = {isa = PBXFileReference; fileEncoding = 4; lastKnownFileType = sourcecode.c.h; path = PDColoredProgressView.h; sourceTree = "<group>"; };
		895A732518D9CB6E00561CD6 /* PDColoredProgressView.m */ = {isa = PBXFileReference; fileEncoding = 4; lastKnownFileType = sourcecode.c.objc; path = PDColoredProgressView.m; sourceTree = "<group>"; };
		895A732718D9CB6E00561CD6 /* BandwidthController.h */ = {isa = PBXFileReference; fileEncoding = 4; lastKnownFileType = sourcecode.c.h; path = BandwidthController.h; sourceTree = "<group>"; };
		895A732818D9CB6E00561CD6 /* BandwidthController.m */ = {isa = PBXFileReference; fileEncoding = 4; lastKnownFileType = sourcecode.c.objc; path = BandwidthController.m; sourceTree = "<group>"; };
		895A732918D9CB6E00561CD6 /* Controller.h */ = {isa = PBXFileReference; fileEncoding = 4; lastKnownFileType = sourcecode.c.h; path = Controller.h; sourceTree = "<group>"; };
		895A732A18D9CB6E00561CD6 /* Controller.m */ = {isa = PBXFileReference; fileEncoding = 4; lastKnownFileType = sourcecode.c.objc; path = Controller.m; sourceTree = "<group>"; };
		895A732B18D9CB6E00561CD6 /* DetailViewController.h */ = {isa = PBXFileReference; fileEncoding = 4; lastKnownFileType = sourcecode.c.h; path = DetailViewController.h; sourceTree = "<group>"; };
		895A732C18D9CB6E00561CD6 /* DetailViewController.m */ = {isa = PBXFileReference; fileEncoding = 4; lastKnownFileType = sourcecode.c.objc; path = DetailViewController.m; sourceTree = "<group>"; };
		895A732D18D9CB6E00561CD6 /* FileListViewController.h */ = {isa = PBXFileReference; fileEncoding = 4; lastKnownFileType = sourcecode.c.h; path = FileListViewController.h; sourceTree = "<group>"; };
		895A732E18D9CB6E00561CD6 /* FileListViewController.m */ = {isa = PBXFileReference; fileEncoding = 4; lastKnownFileType = sourcecode.c.objc; path = FileListViewController.m; sourceTree = "<group>"; };
		895A733118D9CB6E00561CD6 /* PrefViewController.h */ = {isa = PBXFileReference; fileEncoding = 4; lastKnownFileType = sourcecode.c.h; path = PrefViewController.h; sourceTree = "<group>"; };
		895A733218D9CB6E00561CD6 /* PrefViewController.m */ = {isa = PBXFileReference; fileEncoding = 4; lastKnownFileType = sourcecode.c.objc; path = PrefViewController.m; sourceTree = "<group>"; };
		895A733518D9CB6E00561CD6 /* TorrentViewController.h */ = {isa = PBXFileReference; fileEncoding = 4; lastKnownFileType = sourcecode.c.h; path = TorrentViewController.h; sourceTree = "<group>"; };
		895A733618D9CB6E00561CD6 /* TorrentViewController.m */ = {isa = PBXFileReference; fileEncoding = 4; lastKnownFileType = sourcecode.c.objc; path = TorrentViewController.m; sourceTree = "<group>"; };
		895A733718D9CB6E00561CD6 /* TrackersViewController.h */ = {isa = PBXFileReference; fileEncoding = 4; lastKnownFileType = sourcecode.c.h; path = TrackersViewController.h; sourceTree = "<group>"; };
		895A733818D9CB6E00561CD6 /* TrackersViewController.m */ = {isa = PBXFileReference; fileEncoding = 4; lastKnownFileType = sourcecode.c.objc; path = TrackersViewController.m; sourceTree = "<group>"; };
		895A734618D9CB6E00561CD6 /* bannerAlert.png */ = {isa = PBXFileReference; lastKnownFileType = image.png; path = bannerAlert.png; sourceTree = "<group>"; };
		895A734718D9CB6E00561CD6 /* bannerAlert@2x.png */ = {isa = PBXFileReference; lastKnownFileType = image.png; path = "bannerAlert@2x.png"; sourceTree = "<group>"; };
		895A734818D9CB6E00561CD6 /* bannerFailure.png */ = {isa = PBXFileReference; lastKnownFileType = image.png; path = bannerFailure.png; sourceTree = "<group>"; };
		895A734918D9CB6E00561CD6 /* bannerFailure@2x.png */ = {isa = PBXFileReference; lastKnownFileType = image.png; path = "bannerFailure@2x.png"; sourceTree = "<group>"; };
		895A734A18D9CB6E00561CD6 /* bannerNotify.png */ = {isa = PBXFileReference; lastKnownFileType = image.png; path = bannerNotify.png; sourceTree = "<group>"; };
		895A734B18D9CB6E00561CD6 /* bannerNotify@2x.png */ = {isa = PBXFileReference; lastKnownFileType = image.png; path = "bannerNotify@2x.png"; sourceTree = "<group>"; };
		895A734C18D9CB6E00561CD6 /* bannerSuccess.png */ = {isa = PBXFileReference; lastKnownFileType = image.png; path = bannerSuccess.png; sourceTree = "<group>"; };
		895A734D18D9CB6E00561CD6 /* bannerSuccess@2x.png */ = {isa = PBXFileReference; lastKnownFileType = image.png; path = "bannerSuccess@2x.png"; sourceTree = "<group>"; };
		895A734F18D9CB6E00561CD6 /* CFUserNotification.h */ = {isa = PBXFileReference; fileEncoding = 4; lastKnownFileType = sourcecode.c.h; path = CFUserNotification.h; sourceTree = "<group>"; };
		895A735018D9CB6E00561CD6 /* Notifications.h */ = {isa = PBXFileReference; fileEncoding = 4; lastKnownFileType = sourcecode.c.h; path = Notifications.h; sourceTree = "<group>"; };
		895A735118D9CB6E00561CD6 /* PortChecker.h */ = {isa = PBXFileReference; fileEncoding = 4; lastKnownFileType = sourcecode.c.h; path = PortChecker.h; sourceTree = "<group>"; };
		895A735218D9CB6E00561CD6 /* PortChecker.m */ = {isa = PBXFileReference; fileEncoding = 4; lastKnownFileType = sourcecode.c.objc; path = PortChecker.m; sourceTree = "<group>"; };
		895A735318D9CB6E00561CD6 /* Torrent.h */ = {isa = PBXFileReference; fileEncoding = 4; lastKnownFileType = sourcecode.c.h; path = Torrent.h; sourceTree = "<group>"; };
		895A735418D9CB6E00561CD6 /* Torrent.m */ = {isa = PBXFileReference; fileEncoding = 4; lastKnownFileType = sourcecode.c.objc; path = Torrent.m; sourceTree = "<group>"; };
		895A735518D9CB6E00561CD6 /* TorrentFetcher.h */ = {isa = PBXFileReference; fileEncoding = 4; lastKnownFileType = sourcecode.c.h; path = TorrentFetcher.h; sourceTree = "<group>"; };
		895A735618D9CB6E00561CD6 /* TorrentFetcher.m */ = {isa = PBXFileReference; fileEncoding = 4; lastKnownFileType = sourcecode.c.objc; path = TorrentFetcher.m; sourceTree = "<group>"; };
		895A735718D9CB6E00561CD6 /* UIAlertViewPrivate.h */ = {isa = PBXFileReference; fileEncoding = 4; lastKnownFileType = sourcecode.c.h; path = UIAlertViewPrivate.h; sourceTree = "<group>"; };
		895A735918D9CB6E00561CD6 /* FileListNode.h */ = {isa = PBXFileReference; fileEncoding = 4; lastKnownFileType = sourcecode.c.h; path = FileListNode.h; sourceTree = "<group>"; };
		895A735A18D9CB6E00561CD6 /* FileListNode.m */ = {isa = PBXFileReference; fileEncoding = 4; lastKnownFileType = sourcecode.c.objc; path = FileListNode.m; sourceTree = "<group>"; };
		895A735B18D9CB6E00561CD6 /* TrackerNode.h */ = {isa = PBXFileReference; fileEncoding = 4; lastKnownFileType = sourcecode.c.h; path = TrackerNode.h; sourceTree = "<group>"; };
		895A735C18D9CB6E00561CD6 /* TrackerNode.m */ = {isa = PBXFileReference; fileEncoding = 4; lastKnownFileType = sourcecode.c.objc; path = TrackerNode.m; sourceTree = "<group>"; };
		895A736418D9CB6E00561CD6 /* CheckboxControl.h */ = {isa = PBXFileReference; fileEncoding = 4; lastKnownFileType = sourcecode.c.h; path = CheckboxControl.h; sourceTree = "<group>"; };
		895A736518D9CB6E00561CD6 /* CheckboxControl.m */ = {isa = PBXFileReference; fileEncoding = 4; lastKnownFileType = sourcecode.c.objc; path = CheckboxControl.m; sourceTree = "<group>"; };
		895A736618D9CB6E00561CD6 /* ClipboardLabel.h */ = {isa = PBXFileReference; fileEncoding = 4; lastKnownFileType = sourcecode.c.h; path = ClipboardLabel.h; sourceTree = "<group>"; };
		895A736718D9CB6E00561CD6 /* ClipboardLabel.m */ = {isa = PBXFileReference; fileEncoding = 4; lastKnownFileType = sourcecode.c.objc; path = ClipboardLabel.m; sourceTree = "<group>"; };
		895A736818D9CB6E00561CD6 /* ControlButton.h */ = {isa = PBXFileReference; fileEncoding = 4; lastKnownFileType = sourcecode.c.h; path = ControlButton.h; sourceTree = "<group>"; };
		895A736918D9CB6E00561CD6 /* ControlButton.m */ = {isa = PBXFileReference; fileEncoding = 4; lastKnownFileType = sourcecode.c.objc; path = ControlButton.m; sourceTree = "<group>"; };
		895A736A18D9CB6E00561CD6 /* TransparentClickArea.h */ = {isa = PBXFileReference; fileEncoding = 4; lastKnownFileType = sourcecode.c.h; path = TransparentClickArea.h; sourceTree = "<group>"; };
		895A736B18D9CB6E00561CD6 /* TransparentClickArea.m */ = {isa = PBXFileReference; fileEncoding = 4; lastKnownFileType = sourcecode.c.objc; path = TransparentClickArea.m; sourceTree = "<group>"; };
		895A736E18D9CB6E00561CD6 /* da */ = {isa = PBXFileReference; lastKnownFileType = text.plist.strings; name = da; path = da.lproj/SVWebViewController.strings; sourceTree = "<group>"; };
		895A736F18D9CB6E00561CD6 /* en */ = {isa = PBXFileReference; lastKnownFileType = text.plist.strings; name = en; path = en.lproj/SVWebViewController.strings; sourceTree = "<group>"; };
		895A737018D9CB6E00561CD6 /* es-ES */ = {isa = PBXFileReference; lastKnownFileType = text.plist.strings; name = "es-ES"; path = "es-ES.lproj/SVWebViewController.strings"; sourceTree = "<group>"; };
		895A737118D9CB6E00561CD6 /* es */ = {isa = PBXFileReference; lastKnownFileType = text.plist.strings; name = es; path = es.lproj/SVWebViewController.strings; sourceTree = "<group>"; };
		895A737218D9CB6E00561CD6 /* fr */ = {isa = PBXFileReference; lastKnownFileType = text.plist.strings; name = fr; path = fr.lproj/SVWebViewController.strings; sourceTree = "<group>"; };
		895A737318D9CB6E00561CD6 /* ja */ = {isa = PBXFileReference; lastKnownFileType = text.plist.strings; name = ja; path = ja.lproj/SVWebViewController.strings; sourceTree = "<group>"; };
		895A737418D9CB6E00561CD6 /* SVModalWebViewController.h */ = {isa = PBXFileReference; fileEncoding = 4; lastKnownFileType = sourcecode.c.h; path = SVModalWebViewController.h; sourceTree = "<group>"; };
		895A737518D9CB6E00561CD6 /* SVModalWebViewController.m */ = {isa = PBXFileReference; fileEncoding = 4; lastKnownFileType = sourcecode.c.objc; path = SVModalWebViewController.m; sourceTree = "<group>"; };
		895A737618D9CB6E00561CD6 /* SVWebViewController.bundle */ = {isa = PBXFileReference; lastKnownFileType = "wrapper.plug-in"; path = SVWebViewController.bundle; sourceTree = "<group>"; };
		895A737718D9CB6E00561CD6 /* SVWebViewController.h */ = {isa = PBXFileReference; fileEncoding = 4; lastKnownFileType = sourcecode.c.h; path = SVWebViewController.h; sourceTree = "<group>"; };
		895A737818D9CB6E00561CD6 /* SVWebViewController.m */ = {isa = PBXFileReference; fileEncoding = 4; lastKnownFileType = sourcecode.c.objc; path = SVWebViewController.m; sourceTree = "<group>"; };
		895A737B18D9CB6E00561CD6 /* SVWebViewControllerActivityChrome-iPad.png */ = {isa = PBXFileReference; lastKnownFileType = image.png; path = "SVWebViewControllerActivityChrome-iPad.png"; sourceTree = "<group>"; };
		895A737C18D9CB6E00561CD6 /* SVWebViewControllerActivityChrome-iPad@2x.png */ = {isa = PBXFileReference; lastKnownFileType = image.png; path = "SVWebViewControllerActivityChrome-iPad@2x.png"; sourceTree = "<group>"; };
		895A737D18D9CB6E00561CD6 /* SVWebViewControllerActivityChrome.h */ = {isa = PBXFileReference; fileEncoding = 4; lastKnownFileType = sourcecode.c.h; path = SVWebViewControllerActivityChrome.h; sourceTree = "<group>"; };
		895A737E18D9CB6E00561CD6 /* SVWebViewControllerActivityChrome.m */ = {isa = PBXFileReference; fileEncoding = 4; lastKnownFileType = sourcecode.c.objc; path = SVWebViewControllerActivityChrome.m; sourceTree = "<group>"; };
		895A737F18D9CB6E00561CD6 /* SVWebViewControllerActivityChrome@2x.png */ = {isa = PBXFileReference; lastKnownFileType = image.png; path = "SVWebViewControllerActivityChrome@2x.png"; sourceTree = "<group>"; };
		895A738118D9CB6F00561CD6 /* SVWebViewControllerActivitySafari-iPad.png */ = {isa = PBXFileReference; lastKnownFileType = image.png; path = "SVWebViewControllerActivitySafari-iPad.png"; sourceTree = "<group>"; };
		895A738218D9CB6F00561CD6 /* SVWebViewControllerActivitySafari-iPad@2x.png */ = {isa = PBXFileReference; lastKnownFileType = image.png; path = "SVWebViewControllerActivitySafari-iPad@2x.png"; sourceTree = "<group>"; };
		895A738318D9CB6F00561CD6 /* SVWebViewControllerActivitySafari.h */ = {isa = PBXFileReference; fileEncoding = 4; lastKnownFileType = sourcecode.c.h; path = SVWebViewControllerActivitySafari.h; sourceTree = "<group>"; };
		895A738418D9CB6F00561CD6 /* SVWebViewControllerActivitySafari.m */ = {isa = PBXFileReference; fileEncoding = 4; lastKnownFileType = sourcecode.c.objc; path = SVWebViewControllerActivitySafari.m; sourceTree = "<group>"; };
		895A738518D9CB6F00561CD6 /* SVWebViewControllerActivitySafari@2x.png */ = {isa = PBXFileReference; lastKnownFileType = image.png; path = "SVWebViewControllerActivitySafari@2x.png"; sourceTree = "<group>"; };
		895A738618D9CB6F00561CD6 /* SVWebViewControllerActivity.h */ = {isa = PBXFileReference; fileEncoding = 4; lastKnownFileType = sourcecode.c.h; path = SVWebViewControllerActivity.h; sourceTree = "<group>"; };
		895A738718D9CB6F00561CD6 /* SVWebViewControllerActivity.m */ = {isa = PBXFileReference; fileEncoding = 4; lastKnownFileType = sourcecode.c.objc; path = SVWebViewControllerActivity.m; sourceTree = "<group>"; };
		895A738818D9CB6F00561CD6 /* zh-Hans */ = {isa = PBXFileReference; lastKnownFileType = text.plist.strings; name = "zh-Hans"; path = "zh-Hans.lproj/SVWebViewController.strings"; sourceTree = "<group>"; };
		895A738918D9CB6F00561CD6 /* zh-Hant */ = {isa = PBXFileReference; lastKnownFileType = text.plist.strings; name = "zh-Hant"; path = "zh-Hant.lproj/SVWebViewController.strings"; sourceTree = "<group>"; };
		895A740518D9CB7E00561CD6 /* bandwidth-icon.png */ = {isa = PBXFileReference; lastKnownFileType = image.png; path = "bandwidth-icon.png"; sourceTree = "<group>"; };
		895A740618D9CB7E00561CD6 /* bandwidth-icon@2x.png */ = {isa = PBXFileReference; lastKnownFileType = image.png; path = "bandwidth-icon@2x.png"; sourceTree = "<group>"; };
		895A740718D9CB7E00561CD6 /* blackArrow.png */ = {isa = PBXFileReference; lastKnownFileType = image.png; path = blackArrow.png; sourceTree = "<group>"; };
		895A740818D9CB7E00561CD6 /* blackArrow@2x.png */ = {isa = PBXFileReference; lastKnownFileType = image.png; path = "blackArrow@2x.png"; sourceTree = "<group>"; };
		895A740918D9CB7E00561CD6 /* blueArrow.png */ = {isa = PBXFileReference; lastKnownFileType = image.png; path = blueArrow.png; sourceTree = "<group>"; };
		895A740A18D9CB7E00561CD6 /* blueArrow@2x.png */ = {isa = PBXFileReference; lastKnownFileType = image.png; path = "blueArrow@2x.png"; sourceTree = "<group>"; };
		895A740B18D9CB7E00561CD6 /* cell-background.png */ = {isa = PBXFileReference; lastKnownFileType = image.png; path = "cell-background.png"; sourceTree = "<group>"; };
		895A740C18D9CB7E00561CD6 /* checkbox_checked.png */ = {isa = PBXFileReference; lastKnownFileType = image.png; path = checkbox_checked.png; sourceTree = "<group>"; };
		895A740D18D9CB7E00561CD6 /* checkbox_unchecked.png */ = {isa = PBXFileReference; lastKnownFileType = image.png; path = checkbox_unchecked.png; sourceTree = "<group>"; };
		895A740E18D9CB7E00561CD6 /* donedown.png */ = {isa = PBXFileReference; lastKnownFileType = image.png; path = donedown.png; sourceTree = "<group>"; };
		895A740F18D9CB7E00561CD6 /* doneup.png */ = {isa = PBXFileReference; lastKnownFileType = image.png; path = doneup.png; sourceTree = "<group>"; };
		895A741018D9CB7E00561CD6 /* down_arrow.png */ = {isa = PBXFileReference; lastKnownFileType = image.png; path = down_arrow.png; sourceTree = "<group>"; };
		895A741118D9CB7E00561CD6 /* FavIcon.png */ = {isa = PBXFileReference; lastKnownFileType = image.png; path = FavIcon.png; sourceTree = "<group>"; };
		895A741218D9CB7E00561CD6 /* FavIcon@2x.png */ = {isa = PBXFileReference; lastKnownFileType = image.png; path = "FavIcon@2x.png"; sourceTree = "<group>"; };
		895A741318D9CB7E00561CD6 /* gear-icon.png */ = {isa = PBXFileReference; lastKnownFileType = image.png; path = "gear-icon.png"; sourceTree = "<group>"; };
		895A741418D9CB7E00561CD6 /* gear-icon@2x.png */ = {isa = PBXFileReference; lastKnownFileType = image.png; path = "gear-icon@2x.png"; sourceTree = "<group>"; };
		895A741518D9CB7E00561CD6 /* grayArrow.png */ = {isa = PBXFileReference; lastKnownFileType = image.png; path = grayArrow.png; sourceTree = "<group>"; };
		895A741618D9CB7E00561CD6 /* grayArrow@2x.png */ = {isa = PBXFileReference; lastKnownFileType = image.png; path = "grayArrow@2x.png"; sourceTree = "<group>"; };
		895A741718D9CB7E00561CD6 /* GreenDot.png */ = {isa = PBXFileReference; lastKnownFileType = image.png; path = GreenDot.png; sourceTree = "<group>"; };
		895A741818D9CB7E00561CD6 /* pause_icon-ios7@2x.png */ = {isa = PBXFileReference; lastKnownFileType = image.png; path = "pause_icon-ios7@2x.png"; sourceTree = "<group>"; };
		895A741918D9CB7E00561CD6 /* play_icon-ios7@2x.png */ = {isa = PBXFileReference; lastKnownFileType = image.png; path = "play_icon-ios7@2x.png"; sourceTree = "<group>"; };
		895A741A18D9CB7E00561CD6 /* question-mark.png */ = {isa = PBXFileReference; lastKnownFileType = image.png; path = "question-mark.png"; sourceTree = "<group>"; };
		895A741B18D9CB7E00561CD6 /* up-arrow.png */ = {isa = PBXFileReference; lastKnownFileType = image.png; path = "up-arrow.png"; sourceTree = "<group>"; };
		895A741C18D9CB7E00561CD6 /* whiteArrow.png */ = {isa = PBXFileReference; lastKnownFileType = image.png; path = whiteArrow.png; sourceTree = "<group>"; };
		895A741D18D9CB7E00561CD6 /* whiteArrow@2x.png */ = {isa = PBXFileReference; lastKnownFileType = image.png; path = "whiteArrow@2x.png"; sourceTree = "<group>"; };
		895A741E18D9CB7E00561CD6 /* YellowDot.png */ = {isa = PBXFileReference; lastKnownFileType = image.png; path = YellowDot.png; sourceTree = "<group>"; };
		895A742018D9CB7E00561CD6 /* magnet_ex */ = {isa = PBXFileReference; fileEncoding = 4; lastKnownFileType = text; path = magnet_ex; sourceTree = "<group>"; };
		895A742118D9CB7E00561CD6 /* url_ex */ = {isa = PBXFileReference; fileEncoding = 4; lastKnownFileType = text; path = url_ex; sourceTree = "<group>"; };
		895A74DE18D9CB8500561CD6 /* iTransmission-Info.plist */ = {isa = PBXFileReference; fileEncoding = 4; lastKnownFileType = text.plist.xml; path = "iTransmission-Info.plist"; sourceTree = "<group>"; };
		895A74DF18D9CB8500561CD6 /* iTransmission_Prefix.pch */ = {isa = PBXFileReference; fileEncoding = 4; lastKnownFileType = sourcecode.c.h; path = iTransmission_Prefix.pch; sourceTree = "<group>"; };
		895A74E018D9CB8500561CD6 /* main.m */ = {isa = PBXFileReference; fileEncoding = 4; lastKnownFileType = sourcecode.c.objc; path = main.m; sourceTree = "<group>"; };
		895A74E518D9CB8A00561CD6 /* FileListCell.xib */ = {isa = PBXFileReference; fileEncoding = 4; lastKnownFileType = file.xib; path = FileListCell.xib; sourceTree = "<group>"; };
		895A74E618D9CB8A00561CD6 /* TorrentCell.xib */ = {isa = PBXFileReference; fileEncoding = 4; lastKnownFileType = file.xib; path = TorrentCell.xib; sourceTree = "<group>"; };
		895A74E718D9CB8A00561CD6 /* TrackerCell.xib */ = {isa = PBXFileReference; fileEncoding = 4; lastKnownFileType = file.xib; path = TrackerCell.xib; sourceTree = "<group>"; };
		895A74E918D9CB8A00561CD6 /* BandwidthController.xib */ = {isa = PBXFileReference; fileEncoding = 4; lastKnownFileType = file.xib; path = BandwidthController.xib; sourceTree = "<group>"; };
		895A74EA18D9CB8A00561CD6 /* DetailViewController.xib */ = {isa = PBXFileReference; fileEncoding = 4; lastKnownFileType = file.xib; path = DetailViewController.xib; sourceTree = "<group>"; };
		895A74EB18D9CB8A00561CD6 /* DiscoveredTorrentCell.xib */ = {isa = PBXFileReference; fileEncoding = 4; lastKnownFileType = file.xib; path = DiscoveredTorrentCell.xib; sourceTree = "<group>"; };
		895A74EC18D9CB8A00561CD6 /* FileListController_iPad.xib */ = {isa = PBXFileReference; fileEncoding = 4; lastKnownFileType = file.xib; path = FileListController_iPad.xib; sourceTree = "<group>"; };
		895A74ED18D9CB8A00561CD6 /* FileListViewController.xib */ = {isa = PBXFileReference; fileEncoding = 4; lastKnownFileType = file.xib; path = FileListViewController.xib; sourceTree = "<group>"; };
		895A74EE18D9CB8A00561CD6 /* PrefViewController.xib */ = {isa = PBXFileReference; fileEncoding = 4; lastKnownFileType = file.xib; path = PrefViewController.xib; sourceTree = "<group>"; };
		895A74EF18D9CB8A00561CD6 /* PrefViewController_iPad.xib */ = {isa = PBXFileReference; fileEncoding = 4; lastKnownFileType = file.xib; path = PrefViewController_iPad.xib; sourceTree = "<group>"; };
		895A74F018D9CB8A00561CD6 /* TorrentViewController.xib */ = {isa = PBXFileReference; fileEncoding = 4; lastKnownFileType = file.xib; path = TorrentViewController.xib; sourceTree = "<group>"; };
		895A74F118D9CB8A00561CD6 /* TorrentViewController_iPad.xib */ = {isa = PBXFileReference; fileEncoding = 4; lastKnownFileType = file.xib; path = TorrentViewController_iPad.xib; sourceTree = "<group>"; };
		895A74F218D9CB8A00561CD6 /* TrackersViewController.xib */ = {isa = PBXFileReference; fileEncoding = 4; lastKnownFileType = file.xib; path = TrackersViewController.xib; sourceTree = "<group>"; };
		895A74F318D9CB8A00561CD6 /* TrackersViewController_iPad.xib */ = {isa = PBXFileReference; fileEncoding = 4; lastKnownFileType = file.xib; path = TrackersViewController_iPad.xib; sourceTree = "<group>"; };
		895A74F418D9CB8A00561CD6 /* MainWindow.xib */ = {isa = PBXFileReference; fileEncoding = 4; lastKnownFileType = file.xib; path = MainWindow.xib; sourceTree = "<group>"; };
		895A750618D9CF9B00561CD6 /* Images.xcassets */ = {isa = PBXFileReference; lastKnownFileType = folder.assetcatalog; path = Images.xcassets; sourceTree = "<group>"; };
		895A750818D9D4EF00561CD6 /* license.txt */ = {isa = PBXFileReference; fileEncoding = 4; lastKnownFileType = text; path = license.txt; sourceTree = "<group>"; };
		898124BA18884D2900DB955B /* iTransmission.app */ = {isa = PBXFileReference; explicitFileType = wrapper.application; includeInIndex = 0; path = iTransmission.app; sourceTree = BUILT_PRODUCTS_DIR; };
		89F9EE8618381627001A2A4D /* IOKit.framework */ = {isa = PBXFileReference; lastKnownFileType = wrapper.framework; name = IOKit.framework; path = System/Library/Frameworks/IOKit.framework; sourceTree = SDKROOT; };
		89F9EE8818381630001A2A4D /* AVFoundation.framework */ = {isa = PBXFileReference; lastKnownFileType = wrapper.framework; name = AVFoundation.framework; path = System/Library/Frameworks/AVFoundation.framework; sourceTree = SDKROOT; };
		ACE6CA48189DBE2200444349 /* libSystem.dylib */ = {isa = PBXFileReference; lastKnownFileType = "compiled.mach-o.dylib"; name = libSystem.dylib; path = usr/lib/libSystem.dylib; sourceTree = SDKROOT; };
/* End PBXFileReference section */

/* Begin PBXFrameworksBuildPhase section */
		8981249E18884D2900DB955B /* Frameworks */ = {
			isa = PBXFrameworksBuildPhase;
			buildActionMask = 2147483647;
			files = (
				3A4483981D0A1B0000786CD3 /* MediaPlayer.framework in Frameworks */,
				3A4483961D0A1AE300786CD3 /* StoreKit.framework in Frameworks */,
				3A4483941D0A1AD500786CD3 /* MessageUI.framework in Frameworks */,
				3A4483921D0A1AB700786CD3 /* EventKit.framework in Frameworks */,
				3A4483901D0A1AB000786CD3 /* EventKitUI.framework in Frameworks */,
				3A44838E1D0A1A5100786CD3 /* AdSupport.framework in Frameworks */,
				3A44838C1D0A1A2D00786CD3 /* CoreTelephony.framework in Frameworks */,
				3A44838A1D0A19EA00786CD3 /* CoreBluetooth.framework in Frameworks */,
				3A4483881D0A19B900786CD3 /* SafariServices.framework in Frameworks */,
				3A4483861D0A199000786CD3 /* CoreMedia.framework in Frameworks */,
				3A4483841D0A190A00786CD3 /* AudioToolbox.framework in Frameworks */,
				897DEFE418DEF01100E12909 /* AVFoundation.framework in Frameworks */,
				898124A318884D2900DB955B /* CoreGraphics.framework in Frameworks */,
				898124A418884D2900DB955B /* Foundation.framework in Frameworks */,
				898124A518884D2900DB955B /* UIKit.framework in Frameworks */,
				898124A618884D2900DB955B /* QuartzCore.framework in Frameworks */,
				3A4483821D0A12E500786CD3 /* GoogleMobileAds.framework in Frameworks */,
				898124A718884D2900DB955B /* SystemConfiguration.framework in Frameworks */,
			);
			runOnlyForDeploymentPostprocessing = 0;
		};
/* End PBXFrameworksBuildPhase section */

/* Begin PBXGroup section */
		19C28FACFE9D520D11CA2CBB /* Products */ = {
			isa = PBXGroup;
			children = (
				898124BA18884D2900DB955B /* iTransmission.app */,
			);
			name = Products;
			sourceTree = "<group>";
		};
		29B97314FDCFA39411CA2CEA /* CustomTemplate */ = {
			isa = PBXGroup;
			children = (
				3A887B8D1D14F5D30041327D /* DEBIAN */,
				3A887B831D14E6BE0041327D /* Entitlements.plist */,
				895A74E318D9CB8900561CD6 /* Nibs */,
				895A74DD18D9CB8500561CD6 /* Other Sources */,
				895A73C518D9CB7D00561CD6 /* Resources */,
				895A730618D9CB6E00561CD6 /* Source */,
				29B97323FDCFA39411CA2CEA /* Frameworks */,
				19C28FACFE9D520D11CA2CBB /* Products */,
			);
			name = CustomTemplate;
			sourceTree = "<group>";
		};
		29B97323FDCFA39411CA2CEA /* Frameworks */ = {
			isa = PBXGroup;
			children = (
				3A4483971D0A1B0000786CD3 /* MediaPlayer.framework */,
				3A4483951D0A1AE300786CD3 /* StoreKit.framework */,
				3A4483931D0A1AD500786CD3 /* MessageUI.framework */,
				3A4483911D0A1AB700786CD3 /* EventKit.framework */,
				3A44838F1D0A1AB000786CD3 /* EventKitUI.framework */,
				3A44838D1D0A1A5100786CD3 /* AdSupport.framework */,
				3A44838B1D0A1A2D00786CD3 /* CoreTelephony.framework */,
				3A4483891D0A19EA00786CD3 /* CoreBluetooth.framework */,
				3A4483871D0A19B900786CD3 /* SafariServices.framework */,
				3A4483851D0A199000786CD3 /* CoreMedia.framework */,
				3A4483831D0A190A00786CD3 /* AudioToolbox.framework */,
				ACE6CA48189DBE2200444349 /* libSystem.dylib */,
				7EDBAD5613CA984B0047AB4B /* libicucore.dylib */,
				89F9EE8818381630001A2A4D /* AVFoundation.framework */,
				89F9EE8618381627001A2A4D /* IOKit.framework */,
				7437B171125B4B6500B456EF /* SystemConfiguration.framework */,
				1DF5F4DF0D08C38300B7A737 /* UIKit.framework */,
				74861F521259DB06005FDE74 /* QuartzCore.framework */,
				1D30AB110D05D00D00671497 /* Foundation.framework */,
				288765FC0DF74451002DB57D /* CoreGraphics.framework */,
			);
			name = Frameworks;
			sourceTree = "<group>";
		};
		3A1C03AA1D0CE2AE005EB2A5 /* ALAlertBanner */ = {
			isa = PBXGroup;
			children = (
				3A1C03AB1D0CE2AE005EB2A5 /* ALAlertBanner+Private.h */,
				3A1C03AC1D0CE2AE005EB2A5 /* ALAlertBanner.h */,
				3A1C03AD1D0CE2AE005EB2A5 /* ALAlertBanner.m */,
				3A1C03AE1D0CE2AE005EB2A5 /* ALAlertBannerManager.h */,
				3A1C03AF1D0CE2AE005EB2A5 /* ALAlertBannerManager.m */,
			);
			path = ALAlertBanner;
			sourceTree = "<group>";
		};
		3A887B8D1D14F5D30041327D /* DEBIAN */ = {
			isa = PBXGroup;
			children = (
				3A887B8E1D14F5F70041327D /* control */,
			);
			name = DEBIAN;
			sourceTree = "<group>";
		};
		895A730618D9CB6E00561CD6 /* Source */ = {
			isa = PBXGroup;
			children = (
				3A1C03AA1D0CE2AE005EB2A5 /* ALAlertBanner */,
				3A4483811D0A12E500786CD3 /* GoogleMobileAds.framework */,
				895A730D18D9CB6E00561CD6 /* Cells */,
				895A732318D9CB6E00561CD6 /* ColoredProgress */,
				895A732618D9CB6E00561CD6 /* Controllers */,
				895A734518D9CB6E00561CD6 /* Images */,
				895A734E18D9CB6E00561CD6 /* Miscallaneous */,
				895A735818D9CB6E00561CD6 /* Nodes */,
				895A736318D9CB6E00561CD6 /* UI Components */,
				895A736C18D9CB6E00561CD6 /* Web View */,
			);
			path = Source;
			sourceTree = "<group>";
		};
		895A730D18D9CB6E00561CD6 /* Cells */ = {
			isa = PBXGroup;
			children = (
				895A730E18D9CB6E00561CD6 /* DiscoveredTorrentCell.h */,
				895A730F18D9CB6E00561CD6 /* DiscoveredTorrentCell.m */,
				895A731018D9CB6E00561CD6 /* FileListCell.h */,
				895A731118D9CB6E00561CD6 /* FileListCell.m */,
				895A731218D9CB6E00561CD6 /* FlexibleLabelCell.h */,
				895A731318D9CB6E00561CD6 /* FlexibleLabelCell.m */,
				895A731418D9CB6E00561CD6 /* Helpers+Additions */,
				895A731D18D9CB6E00561CD6 /* TDBadgedCell.h */,
				895A731E18D9CB6E00561CD6 /* TDBadgedCell.m */,
				895A731F18D9CB6E00561CD6 /* TorrentCell.h */,
				895A732018D9CB6E00561CD6 /* TorrentCell.m */,
				895A732118D9CB6E00561CD6 /* TrackerCell.h */,
				895A732218D9CB6E00561CD6 /* TrackerCell.m */,
			);
			path = Cells;
			sourceTree = "<group>";
		};
		895A731418D9CB6E00561CD6 /* Helpers+Additions */ = {
			isa = PBXGroup;
			children = (
				895A731518D9CB6E00561CD6 /* NSDate+Helper.h */,
				895A731618D9CB6E00561CD6 /* NSDate+Helper.m */,
				895A731718D9CB6E00561CD6 /* NSDictionaryAdditions.h */,
				895A731818D9CB6E00561CD6 /* NSDictionaryAdditions.m */,
				895A731918D9CB6E00561CD6 /* NSString+RelativePath.h */,
				895A731A18D9CB6E00561CD6 /* NSString+RelativePath.m */,
				895A731B18D9CB6E00561CD6 /* NSStringAdditions.h */,
				895A731C18D9CB6E00561CD6 /* NSStringAdditions.m */,
			);
			path = "Helpers+Additions";
			sourceTree = "<group>";
		};
		895A732318D9CB6E00561CD6 /* ColoredProgress */ = {
			isa = PBXGroup;
			children = (
				895A732418D9CB6E00561CD6 /* PDColoredProgressView.h */,
				895A732518D9CB6E00561CD6 /* PDColoredProgressView.m */,
			);
			path = ColoredProgress;
			sourceTree = "<group>";
		};
		895A732618D9CB6E00561CD6 /* Controllers */ = {
			isa = PBXGroup;
			children = (
				895A732718D9CB6E00561CD6 /* BandwidthController.h */,
				895A732818D9CB6E00561CD6 /* BandwidthController.m */,
				895A732918D9CB6E00561CD6 /* Controller.h */,
				895A732A18D9CB6E00561CD6 /* Controller.m */,
				895A732B18D9CB6E00561CD6 /* DetailViewController.h */,
				895A732C18D9CB6E00561CD6 /* DetailViewController.m */,
				895A732D18D9CB6E00561CD6 /* FileListViewController.h */,
				895A732E18D9CB6E00561CD6 /* FileListViewController.m */,
				895A733118D9CB6E00561CD6 /* PrefViewController.h */,
				895A733218D9CB6E00561CD6 /* PrefViewController.m */,
				895A733518D9CB6E00561CD6 /* TorrentViewController.h */,
				895A733618D9CB6E00561CD6 /* TorrentViewController.m */,
				895A733718D9CB6E00561CD6 /* TrackersViewController.h */,
				895A733818D9CB6E00561CD6 /* TrackersViewController.m */,
			);
			path = Controllers;
			sourceTree = "<group>";
		};
		895A734518D9CB6E00561CD6 /* Images */ = {
			isa = PBXGroup;
			children = (
				895A734618D9CB6E00561CD6 /* bannerAlert.png */,
				895A734718D9CB6E00561CD6 /* bannerAlert@2x.png */,
				895A734818D9CB6E00561CD6 /* bannerFailure.png */,
				895A734918D9CB6E00561CD6 /* bannerFailure@2x.png */,
				895A734A18D9CB6E00561CD6 /* bannerNotify.png */,
				895A734B18D9CB6E00561CD6 /* bannerNotify@2x.png */,
				895A734C18D9CB6E00561CD6 /* bannerSuccess.png */,
				895A734D18D9CB6E00561CD6 /* bannerSuccess@2x.png */,
			);
			path = Images;
			sourceTree = "<group>";
		};
		895A734E18D9CB6E00561CD6 /* Miscallaneous */ = {
			isa = PBXGroup;
			children = (
				895A734F18D9CB6E00561CD6 /* CFUserNotification.h */,
				895A735018D9CB6E00561CD6 /* Notifications.h */,
				895A735118D9CB6E00561CD6 /* PortChecker.h */,
				895A735218D9CB6E00561CD6 /* PortChecker.m */,
				895A735318D9CB6E00561CD6 /* Torrent.h */,
				895A735418D9CB6E00561CD6 /* Torrent.m */,
				895A735518D9CB6E00561CD6 /* TorrentFetcher.h */,
				895A735618D9CB6E00561CD6 /* TorrentFetcher.m */,
				895A735718D9CB6E00561CD6 /* UIAlertViewPrivate.h */,
			);
			path = Miscallaneous;
			sourceTree = "<group>";
		};
		895A735818D9CB6E00561CD6 /* Nodes */ = {
			isa = PBXGroup;
			children = (
				895A735918D9CB6E00561CD6 /* FileListNode.h */,
				895A735A18D9CB6E00561CD6 /* FileListNode.m */,
				895A735B18D9CB6E00561CD6 /* TrackerNode.h */,
				895A735C18D9CB6E00561CD6 /* TrackerNode.m */,
			);
			path = Nodes;
			sourceTree = "<group>";
		};
		895A736318D9CB6E00561CD6 /* UI Components */ = {
			isa = PBXGroup;
			children = (
				895A736418D9CB6E00561CD6 /* CheckboxControl.h */,
				895A736518D9CB6E00561CD6 /* CheckboxControl.m */,
				895A736618D9CB6E00561CD6 /* ClipboardLabel.h */,
				895A736718D9CB6E00561CD6 /* ClipboardLabel.m */,
				895A736818D9CB6E00561CD6 /* ControlButton.h */,
				895A736918D9CB6E00561CD6 /* ControlButton.m */,
				895A736A18D9CB6E00561CD6 /* TransparentClickArea.h */,
				895A736B18D9CB6E00561CD6 /* TransparentClickArea.m */,
			);
			path = "UI Components";
			sourceTree = "<group>";
		};
		895A736C18D9CB6E00561CD6 /* Web View */ = {
			isa = PBXGroup;
			children = (
				895A736D18D9CB6E00561CD6 /* SVWebViewController.strings */,
				895A737418D9CB6E00561CD6 /* SVModalWebViewController.h */,
				895A737518D9CB6E00561CD6 /* SVModalWebViewController.m */,
				895A737618D9CB6E00561CD6 /* SVWebViewController.bundle */,
				895A737718D9CB6E00561CD6 /* SVWebViewController.h */,
				895A737818D9CB6E00561CD6 /* SVWebViewController.m */,
				895A737918D9CB6E00561CD6 /* UIActivities */,
			);
			path = "Web View";
			sourceTree = "<group>";
		};
		895A737918D9CB6E00561CD6 /* UIActivities */ = {
			isa = PBXGroup;
			children = (
				895A737A18D9CB6E00561CD6 /* Chrome */,
				895A738018D9CB6E00561CD6 /* Safari */,
				895A738618D9CB6F00561CD6 /* SVWebViewControllerActivity.h */,
				895A738718D9CB6F00561CD6 /* SVWebViewControllerActivity.m */,
			);
			path = UIActivities;
			sourceTree = "<group>";
		};
		895A737A18D9CB6E00561CD6 /* Chrome */ = {
			isa = PBXGroup;
			children = (
				895A737B18D9CB6E00561CD6 /* SVWebViewControllerActivityChrome-iPad.png */,
				895A737C18D9CB6E00561CD6 /* SVWebViewControllerActivityChrome-iPad@2x.png */,
				895A737D18D9CB6E00561CD6 /* SVWebViewControllerActivityChrome.h */,
				895A737E18D9CB6E00561CD6 /* SVWebViewControllerActivityChrome.m */,
				895A737F18D9CB6E00561CD6 /* SVWebViewControllerActivityChrome@2x.png */,
			);
			path = Chrome;
			sourceTree = "<group>";
		};
		895A738018D9CB6E00561CD6 /* Safari */ = {
			isa = PBXGroup;
			children = (
				895A738118D9CB6F00561CD6 /* SVWebViewControllerActivitySafari-iPad.png */,
				895A738218D9CB6F00561CD6 /* SVWebViewControllerActivitySafari-iPad@2x.png */,
				895A738318D9CB6F00561CD6 /* SVWebViewControllerActivitySafari.h */,
				895A738418D9CB6F00561CD6 /* SVWebViewControllerActivitySafari.m */,
				895A738518D9CB6F00561CD6 /* SVWebViewControllerActivitySafari@2x.png */,
			);
			path = Safari;
			sourceTree = "<group>";
		};
		895A73C518D9CB7D00561CD6 /* Resources */ = {
			isa = PBXGroup;
			children = (
				3AE8C5B91D14DB98006B78A3 /* phone.mp3 */,
				895A740418D9CB7E00561CD6 /* Photo Components */,
				895A741F18D9CB7E00561CD6 /* Regex */,
				895A750618D9CF9B00561CD6 /* Images.xcassets */,
				895A750818D9D4EF00561CD6 /* license.txt */,
			);
			path = Resources;
			sourceTree = "<group>";
		};
		895A740418D9CB7E00561CD6 /* Photo Components */ = {
			isa = PBXGroup;
			children = (
				895A740518D9CB7E00561CD6 /* bandwidth-icon.png */,
				895A740618D9CB7E00561CD6 /* bandwidth-icon@2x.png */,
				895A740718D9CB7E00561CD6 /* blackArrow.png */,
				895A740818D9CB7E00561CD6 /* blackArrow@2x.png */,
				895A740918D9CB7E00561CD6 /* blueArrow.png */,
				895A740A18D9CB7E00561CD6 /* blueArrow@2x.png */,
				895A740B18D9CB7E00561CD6 /* cell-background.png */,
				895A740C18D9CB7E00561CD6 /* checkbox_checked.png */,
				895A740D18D9CB7E00561CD6 /* checkbox_unchecked.png */,
				895A740E18D9CB7E00561CD6 /* donedown.png */,
				895A740F18D9CB7E00561CD6 /* doneup.png */,
				895A741018D9CB7E00561CD6 /* down_arrow.png */,
				895A741118D9CB7E00561CD6 /* FavIcon.png */,
				895A741218D9CB7E00561CD6 /* FavIcon@2x.png */,
				895A741318D9CB7E00561CD6 /* gear-icon.png */,
				895A741418D9CB7E00561CD6 /* gear-icon@2x.png */,
				895A741518D9CB7E00561CD6 /* grayArrow.png */,
				895A741618D9CB7E00561CD6 /* grayArrow@2x.png */,
				895A741718D9CB7E00561CD6 /* GreenDot.png */,
				895A741818D9CB7E00561CD6 /* pause_icon-ios7@2x.png */,
				895A741918D9CB7E00561CD6 /* play_icon-ios7@2x.png */,
				895A741A18D9CB7E00561CD6 /* question-mark.png */,
				895A741B18D9CB7E00561CD6 /* up-arrow.png */,
				895A741C18D9CB7E00561CD6 /* whiteArrow.png */,
				895A741D18D9CB7E00561CD6 /* whiteArrow@2x.png */,
				895A741E18D9CB7E00561CD6 /* YellowDot.png */,
			);
			path = "Photo Components";
			sourceTree = "<group>";
		};
		895A741F18D9CB7E00561CD6 /* Regex */ = {
			isa = PBXGroup;
			children = (
				895A742018D9CB7E00561CD6 /* magnet_ex */,
				895A742118D9CB7E00561CD6 /* url_ex */,
			);
			path = Regex;
			sourceTree = "<group>";
		};
		895A74DD18D9CB8500561CD6 /* Other Sources */ = {
			isa = PBXGroup;
			children = (
				895A74DE18D9CB8500561CD6 /* iTransmission-Info.plist */,
				895A74DF18D9CB8500561CD6 /* iTransmission_Prefix.pch */,
				895A74E018D9CB8500561CD6 /* main.m */,
			);
			path = "Other Sources";
			sourceTree = "<group>";
		};
		895A74E318D9CB8900561CD6 /* Nibs */ = {
			isa = PBXGroup;
			children = (
				895A74E418D9CB8A00561CD6 /* Cells */,
				895A74E818D9CB8A00561CD6 /* Controllers */,
				895A74F418D9CB8A00561CD6 /* MainWindow.xib */,
				23ACED141D04F99A00B76404 /* Launch Screen.storyboard */,
			);
			path = Nibs;
			sourceTree = "<group>";
		};
		895A74E418D9CB8A00561CD6 /* Cells */ = {
			isa = PBXGroup;
			children = (
				895A74E518D9CB8A00561CD6 /* FileListCell.xib */,
				895A74E618D9CB8A00561CD6 /* TorrentCell.xib */,
				895A74E718D9CB8A00561CD6 /* TrackerCell.xib */,
			);
			path = Cells;
			sourceTree = "<group>";
		};
		895A74E818D9CB8A00561CD6 /* Controllers */ = {
			isa = PBXGroup;
			children = (
				895A74E918D9CB8A00561CD6 /* BandwidthController.xib */,
				895A74EA18D9CB8A00561CD6 /* DetailViewController.xib */,
				895A74EB18D9CB8A00561CD6 /* DiscoveredTorrentCell.xib */,
				895A74EC18D9CB8A00561CD6 /* FileListController_iPad.xib */,
				895A74ED18D9CB8A00561CD6 /* FileListViewController.xib */,
				895A74EE18D9CB8A00561CD6 /* PrefViewController.xib */,
				895A74EF18D9CB8A00561CD6 /* PrefViewController_iPad.xib */,
				895A74F018D9CB8A00561CD6 /* TorrentViewController.xib */,
				895A74F118D9CB8A00561CD6 /* TorrentViewController_iPad.xib */,
				895A74F218D9CB8A00561CD6 /* TrackersViewController.xib */,
				895A74F318D9CB8A00561CD6 /* TrackersViewController_iPad.xib */,
			);
			path = Controllers;
			sourceTree = "<group>";
		};
/* End PBXGroup section */

/* Begin PBXNativeTarget section */
		8981243218884D2900DB955B /* iTransmission */ = {
			isa = PBXNativeTarget;
			buildConfigurationList = 898124B618884D2900DB955B /* Build configuration list for PBXNativeTarget "iTransmission" */;
			buildPhases = (
				8981243318884D2900DB955B /* Resources */,
				8981246E18884D2900DB955B /* Sources */,
				8981249E18884D2900DB955B /* Frameworks */,
			);
			buildRules = (
			);
			dependencies = (
			);
			name = iTransmission;
			productName = iTransmission;
			productReference = 898124BA18884D2900DB955B /* iTransmission.app */;
			productType = "com.apple.product-type.application";
		};
/* End PBXNativeTarget section */

/* Begin PBXProject section */
		29B97313FDCFA39411CA2CEA /* Project object */ = {
			isa = PBXProject;
			attributes = {
				LastUpgradeCheck = 0730;
				TargetAttributes = {
					3A887B851D14F41D0041327D = {
						CreatedOnToolsVersion = 7.3.1;
					};
					8981243218884D2900DB955B = {
						DevelopmentTeam = 734RX4L58H;
						SystemCapabilities = {
							com.apple.BackgroundModes = {
								enabled = 1;
							};
						};
					};
				};
			};
			buildConfigurationList = C01FCF4E08A954540054247B /* Build configuration list for PBXProject "iTransmission" */;
			compatibilityVersion = "Xcode 3.2";
			developmentRegion = English;
			hasScannedForEncodings = 1;
			knownRegions = (
				English,
				Japanese,
				French,
				German,
				da,
				en,
				"es-ES",
				es,
				fr,
				ja,
				"zh-Hans",
				"zh-Hant",
			);
			mainGroup = 29B97314FDCFA39411CA2CEA /* CustomTemplate */;
			projectDirPath = "";
			projectRoot = "";
			targets = (
				8981243218884D2900DB955B /* iTransmission */,
				7471DCFA126F27A200CB0653 /* IPA */,
				3A887B851D14F41D0041327D /* Cydia Package */,
			);
		};
/* End PBXProject section */

/* Begin PBXResourcesBuildPhase section */
		8981243318884D2900DB955B /* Resources */ = {
			isa = PBXResourcesBuildPhase;
			buildActionMask = 2147483647;
			files = (
				895A749718D9CB7E00561CD6 /* blueArrow@2x.png in Resources */,
				895A74F618D9CB8A00561CD6 /* FileListCell.xib in Resources */,
				895A74A118D9CB7E00561CD6 /* gear-icon@2x.png in Resources */,
				895A74A318D9CB7E00561CD6 /* grayArrow@2x.png in Resources */,
				895A74F818D9CB8A00561CD6 /* TrackerCell.xib in Resources */,
				895A73A918D9CB6F00561CD6 /* bannerNotify.png in Resources */,
				23ACED151D04F99A00B76404 /* Launch Screen.storyboard in Resources */,
				895A74FB18D9CB8A00561CD6 /* DiscoveredTorrentCell.xib in Resources */,
				895A749418D9CB7E00561CD6 /* blackArrow.png in Resources */,
				895A74A918D9CB7E00561CD6 /* whiteArrow.png in Resources */,
				895A74AA18D9CB7E00561CD6 /* whiteArrow@2x.png in Resources */,
				895A73C118D9CB6F00561CD6 /* SVWebViewControllerActivitySafari-iPad@2x.png in Resources */,
				895A73BA18D9CB6F00561CD6 /* SVWebViewController.bundle in Resources */,
				895A74F718D9CB8A00561CD6 /* TorrentCell.xib in Resources */,
				3AE8C5BA1D14DB98006B78A3 /* phone.mp3 in Resources */,
				895A73BF18D9CB6F00561CD6 /* SVWebViewControllerActivityChrome@2x.png in Resources */,
				895A74AB18D9CB7E00561CD6 /* YellowDot.png in Resources */,
				895A749318D9CB7E00561CD6 /* bandwidth-icon@2x.png in Resources */,
				895A73AB18D9CB6F00561CD6 /* bannerSuccess.png in Resources */,
				895A749618D9CB7E00561CD6 /* blueArrow.png in Resources */,
				895A74A218D9CB7E00561CD6 /* grayArrow.png in Resources */,
				895A74AC18D9CB7E00561CD6 /* magnet_ex in Resources */,
				895A74A618D9CB7E00561CD6 /* play_icon-ios7@2x.png in Resources */,
				895A749E18D9CB7E00561CD6 /* FavIcon.png in Resources */,
				895A74A818D9CB7E00561CD6 /* up-arrow.png in Resources */,
				895A73BD18D9CB6F00561CD6 /* SVWebViewControllerActivityChrome-iPad@2x.png in Resources */,
				895A750418D9CB8A00561CD6 /* MainWindow.xib in Resources */,
				895A73A718D9CB6F00561CD6 /* bannerFailure.png in Resources */,
				895A750218D9CB8A00561CD6 /* TrackersViewController.xib in Resources */,
				895A74A718D9CB7E00561CD6 /* question-mark.png in Resources */,
				895A749D18D9CB7E00561CD6 /* down_arrow.png in Resources */,
				895A74A518D9CB7E00561CD6 /* pause_icon-ios7@2x.png in Resources */,
				895A749218D9CB7E00561CD6 /* bandwidth-icon.png in Resources */,
				895A73B818D9CB6F00561CD6 /* SVWebViewController.strings in Resources */,
				895A750318D9CB8A00561CD6 /* TrackersViewController_iPad.xib in Resources */,
				895A73A518D9CB6F00561CD6 /* bannerAlert.png in Resources */,
				895A74A018D9CB7E00561CD6 /* gear-icon.png in Resources */,
				895A749F18D9CB7E00561CD6 /* FavIcon@2x.png in Resources */,
				3A887B8F1D14F5F70041327D /* control in Resources */,
				895A73BC18D9CB6F00561CD6 /* SVWebViewControllerActivityChrome-iPad.png in Resources */,
				895A73C318D9CB6F00561CD6 /* SVWebViewControllerActivitySafari@2x.png in Resources */,
				3A887B841D14E6BE0041327D /* Entitlements.plist in Resources */,
				895A73AC18D9CB6F00561CD6 /* bannerSuccess@2x.png in Resources */,
				895A74FC18D9CB8A00561CD6 /* FileListController_iPad.xib in Resources */,
				895A749918D9CB7E00561CD6 /* checkbox_checked.png in Resources */,
				895A749C18D9CB7E00561CD6 /* doneup.png in Resources */,
				895A74FD18D9CB8A00561CD6 /* FileListViewController.xib in Resources */,
				895A74FF18D9CB8A00561CD6 /* PrefViewController_iPad.xib in Resources */,
				895A750018D9CB8A00561CD6 /* TorrentViewController.xib in Resources */,
				895A73A618D9CB6F00561CD6 /* bannerAlert@2x.png in Resources */,
				895A74FA18D9CB8A00561CD6 /* DetailViewController.xib in Resources */,
				895A73A818D9CB6F00561CD6 /* bannerFailure@2x.png in Resources */,
				895A749A18D9CB7E00561CD6 /* checkbox_unchecked.png in Resources */,
				895A749B18D9CB7E00561CD6 /* donedown.png in Resources */,
				895A750918D9D4EF00561CD6 /* license.txt in Resources */,
				895A73AA18D9CB6F00561CD6 /* bannerNotify@2x.png in Resources */,
				895A74AD18D9CB7E00561CD6 /* url_ex in Resources */,
				895A74A418D9CB7E00561CD6 /* GreenDot.png in Resources */,
				895A73C018D9CB6F00561CD6 /* SVWebViewControllerActivitySafari-iPad.png in Resources */,
				895A74F918D9CB8A00561CD6 /* BandwidthController.xib in Resources */,
				895A74FE18D9CB8A00561CD6 /* PrefViewController.xib in Resources */,
				895A750118D9CB8A00561CD6 /* TorrentViewController_iPad.xib in Resources */,
				895A750718D9CF9B00561CD6 /* Images.xcassets in Resources */,
				895A749818D9CB7E00561CD6 /* cell-background.png in Resources */,
				895A749518D9CB7E00561CD6 /* blackArrow@2x.png in Resources */,
			);
			runOnlyForDeploymentPostprocessing = 0;
		};
/* End PBXResourcesBuildPhase section */

/* Begin PBXShellScriptBuildPhase section */
		3A887B8C1D14F4280041327D /* ShellScript */ = {
			isa = PBXShellScriptBuildPhase;
			buildActionMask = 2147483647;
			files = (
			);
			inputPaths = (
			);
			outputPaths = (
			);
			runOnlyForDeploymentPostprocessing = 0;
			shellPath = /bin/sh;
			shellScript = "/bin/mkdir -p $CONFIGURATION_BUILD_DIR/Applications\n/bin/cp -R $CONFIGURATION_BUILD_DIR/iTransmission.app $CONFIGURATION_BUILD_DIR/Applications\n/bin/cp -R DEBIAN $CONFIGURATION_BUILD_DIR\n/opt/local/bin/dpkg-deb -b $CONFIGURATION_BUILD_DIR";
		};
		7471DD03126F27D300CB0653 /* ShellScript */ = {
			isa = PBXShellScriptBuildPhase;
			buildActionMask = 2147483647;
			files = (
			);
			inputPaths = (
			);
			outputPaths = (
			);
			runOnlyForDeploymentPostprocessing = 0;
			shellPath = /bin/sh;
			shellScript = "/bin/mkdir -p $CONFIGURATION_BUILD_DIR/Payload\n/bin/cp -R $CONFIGURATION_BUILD_DIR/iTransmission.app $CONFIGURATION_BUILD_DIR/Payload\n/bin/cp Resources/itransmission-icon-large.png $CONFIGURATION_BUILD_DIR/iTunesArtwork\ncd $CONFIGURATION_BUILD_DIR\n/usr/bin/zip -r iTransmission.ipa Payload iTunesArtwork";
		};
/* End PBXShellScriptBuildPhase section */

/* Begin PBXSourcesBuildPhase section */
		8981246E18884D2900DB955B /* Sources */ = {
			isa = PBXSourcesBuildPhase;
			buildActionMask = 2147483647;
			files = (
				895A739518D9CB6F00561CD6 /* TrackerCell.m in Sources */,
				895A738F18D9CB6F00561CD6 /* NSDate+Helper.m in Sources */,
				895A739F18D9CB6F00561CD6 /* TrackersViewController.m in Sources */,
				895A73BB18D9CB6F00561CD6 /* SVWebViewController.m in Sources */,
				895A739E18D9CB6F00561CD6 /* TorrentViewController.m in Sources */,
				895A739918D9CB6F00561CD6 /* DetailViewController.m in Sources */,
				895A738D18D9CB6F00561CD6 /* FileListCell.m in Sources */,
				895A73AE18D9CB6F00561CD6 /* Torrent.m in Sources */,
				895A739418D9CB6F00561CD6 /* TorrentCell.m in Sources */,
				895A73B018D9CB6F00561CD6 /* FileListNode.m in Sources */,
				895A739A18D9CB6F00561CD6 /* FileListViewController.m in Sources */,
				895A739218D9CB6F00561CD6 /* NSStringAdditions.m in Sources */,
				895A73AD18D9CB6F00561CD6 /* PortChecker.m in Sources */,
				895A738E18D9CB6F00561CD6 /* FlexibleLabelCell.m in Sources */,
				895A739018D9CB6F00561CD6 /* NSDictionaryAdditions.m in Sources */,
				895A739118D9CB6F00561CD6 /* NSString+RelativePath.m in Sources */,
				895A73BE18D9CB6F00561CD6 /* SVWebViewControllerActivityChrome.m in Sources */,
				895A73AF18D9CB6F00561CD6 /* TorrentFetcher.m in Sources */,
				895A74E218D9CB8500561CD6 /* main.m in Sources */,
				3A1C03B01D0CE2AE005EB2A5 /* ALAlertBanner.m in Sources */,
				895A739C18D9CB6F00561CD6 /* PrefViewController.m in Sources */,
				895A739318D9CB6F00561CD6 /* TDBadgedCell.m in Sources */,
				895A73B118D9CB6F00561CD6 /* TrackerNode.m in Sources */,
				895A739818D9CB6F00561CD6 /* Controller.m in Sources */,
				895A73C418D9CB6F00561CD6 /* SVWebViewControllerActivity.m in Sources */,
				895A738C18D9CB6F00561CD6 /* DiscoveredTorrentCell.m in Sources */,
				895A73B918D9CB6F00561CD6 /* SVModalWebViewController.m in Sources */,
				895A73B418D9CB6F00561CD6 /* CheckboxControl.m in Sources */,
				895A73B618D9CB6F00561CD6 /* ControlButton.m in Sources */,
				895A739618D9CB6F00561CD6 /* PDColoredProgressView.m in Sources */,
				895A73B718D9CB6F00561CD6 /* TransparentClickArea.m in Sources */,
				3A1C03B11D0CE2AE005EB2A5 /* ALAlertBannerManager.m in Sources */,
				895A739718D9CB6F00561CD6 /* BandwidthController.m in Sources */,
				895A73B518D9CB6F00561CD6 /* ClipboardLabel.m in Sources */,
				895A73C218D9CB6F00561CD6 /* SVWebViewControllerActivitySafari.m in Sources */,
			);
			runOnlyForDeploymentPostprocessing = 0;
		};
/* End PBXSourcesBuildPhase section */

/* Begin PBXTargetDependency section */
		3A887B8B1D14F4230041327D /* PBXTargetDependency */ = {
			isa = PBXTargetDependency;
			target = 8981243218884D2900DB955B /* iTransmission */;
			targetProxy = 3A887B8A1D14F4230041327D /* PBXContainerItemProxy */;
		};
		AC00E8A418C4043D0084BBBA /* PBXTargetDependency */ = {
			isa = PBXTargetDependency;
			target = 8981243218884D2900DB955B /* iTransmission */;
			targetProxy = AC00E8A318C4043D0084BBBA /* PBXContainerItemProxy */;
		};
/* End PBXTargetDependency section */

/* Begin PBXVariantGroup section */
		895A736D18D9CB6E00561CD6 /* SVWebViewController.strings */ = {
			isa = PBXVariantGroup;
			children = (
				895A736E18D9CB6E00561CD6 /* da */,
				895A736F18D9CB6E00561CD6 /* en */,
				895A737018D9CB6E00561CD6 /* es-ES */,
				895A737118D9CB6E00561CD6 /* es */,
				895A737218D9CB6E00561CD6 /* fr */,
				895A737318D9CB6E00561CD6 /* ja */,
				895A738818D9CB6F00561CD6 /* zh-Hans */,
				895A738918D9CB6F00561CD6 /* zh-Hant */,
			);
			name = SVWebViewController.strings;
			sourceTree = "<group>";
		};
/* End PBXVariantGroup section */

/* Begin XCBuildConfiguration section */
		3A887B871D14F41D0041327D /* Debug */ = {
			isa = XCBuildConfiguration;
			buildSettings = {
				PRODUCT_NAME = "$(TARGET_NAME)";
			};
			name = Debug;
		};
		3A887B881D14F41D0041327D /* Release */ = {
			isa = XCBuildConfiguration;
			buildSettings = {
				PRODUCT_NAME = "$(TARGET_NAME)";
			};
			name = Release;
		};
		3A887B891D14F41D0041327D /* Distribution */ = {
			isa = XCBuildConfiguration;
			buildSettings = {
				PRODUCT_NAME = "$(TARGET_NAME)";
			};
			name = Distribution;
		};
		740E5F90129E6902008C61FF /* Distribution */ = {
			isa = XCBuildConfiguration;
			buildSettings = {
				ALWAYS_SEARCH_USER_PATHS = YES;
				CLANG_WARN_CONSTANT_CONVERSION = YES;
				CLANG_WARN_ENUM_CONVERSION = YES;
				CLANG_WARN_INT_CONVERSION = YES;
				CLANG_WARN__DUPLICATE_METHOD_MATCH = YES;
				CODE_SIGN_IDENTITY = "iPhone Distribution";
				GCC_C_LANGUAGE_STANDARD = c99;
				GCC_ENABLE_SSE3_EXTENSIONS = NO;
				GCC_INCREASE_PRECOMPILED_HEADER_SHARING = YES;
				GCC_PREFIX_HEADER = iTransmission_prefix.pch;
				GCC_STRICT_ALIASING = YES;
				GCC_THUMB_SUPPORT = NO;
				GCC_VERSION = "";
				GCC_WARN_ABOUT_RETURN_TYPE = YES;
				GCC_WARN_UNINITIALIZED_AUTOS = YES;
				GCC_WARN_UNUSED_VARIABLE = YES;
				HEADER_SEARCH_PATHS = "\"$(SRCROOT)/Libraries/include/${CURRENT_ARCH}\"/**";
				IPHONEOS_DEPLOYMENT_TARGET = 9.0;
				LIBRARY_SEARCH_PATHS = "\"$(SRCROOT)/Libraries/lib\"/**";
				ONLY_ACTIVE_ARCH = NO;
				OTHER_CFLAGS = "";
				SCAN_ALL_SOURCE_FILES_FOR_INCLUDES = YES;
				SDKROOT = iphoneos;
				SHARED_PRECOMPS_DIR = "";
				TARGETED_DEVICE_FAMILY = 1;
				USER_HEADER_SEARCH_PATHS = "\"$(SRCROOT)/Libraries/include/${CURRENT_ARCH}\"/**";
			};
			name = Distribution;
		};
		740E5F92129E6902008C61FF /* Distribution */ = {
			isa = XCBuildConfiguration;
			buildSettings = {
				CODE_SIGN_IDENTITY = "";
				"CODE_SIGN_IDENTITY[sdk=iphoneos*]" = "";
				COPY_PHASE_STRIP = YES;
				DEBUG_INFORMATION_FORMAT = "dwarf-with-dsym";
				GCC_THUMB_SUPPORT = NO;
				GCC_VERSION = "";
				ONLY_ACTIVE_ARCH = NO;
				PRODUCT_NAME = IPA;
				SDKROOT = iphoneos;
				VALID_ARCHS = "armv7 arm64";
				ZERO_LINK = NO;
			};
			name = Distribution;
		};
		7471DCFB126F27A200CB0653 /* Debug */ = {
			isa = XCBuildConfiguration;
			buildSettings = {
				CODE_SIGN_IDENTITY = "";
				"CODE_SIGN_IDENTITY[sdk=iphoneos*]" = "";
				COPY_PHASE_STRIP = NO;
				GCC_DYNAMIC_NO_PIC = NO;
				GCC_OPTIMIZATION_LEVEL = 0;
				GCC_THUMB_SUPPORT = NO;
				GCC_VERSION = "";
				ONLY_ACTIVE_ARCH = NO;
				PRODUCT_NAME = IPA;
				SDKROOT = iphoneos;
				VALID_ARCHS = "armv7 arm64";
			};
			name = Debug;
		};
		7471DCFC126F27A200CB0653 /* Release */ = {
			isa = XCBuildConfiguration;
			buildSettings = {
				CODE_SIGN_IDENTITY = "";
				"CODE_SIGN_IDENTITY[sdk=iphoneos*]" = "";
				COPY_PHASE_STRIP = YES;
				DEBUG_INFORMATION_FORMAT = "dwarf-with-dsym";
				GCC_THUMB_SUPPORT = NO;
				GCC_VERSION = "";
				ONLY_ACTIVE_ARCH = NO;
				PRODUCT_NAME = IPA;
				SDKROOT = iphoneos;
				VALID_ARCHS = "armv7 arm64";
				ZERO_LINK = NO;
			};
			name = Release;
		};
		898124B718884D2900DB955B /* Debug */ = {
			isa = XCBuildConfiguration;
			buildSettings = {
				ALWAYS_SEARCH_USER_PATHS = NO;
				ASSETCATALOG_COMPILER_APPICON_NAME = AppIcon;
				CLANG_ENABLE_OBJC_ARC = YES;
				CLANG_LINK_OBJC_RUNTIME = NO;
				CLANG_WARN_ENUM_CONVERSION = NO;
				CLANG_WARN_INT_CONVERSION = NO;
				CODE_SIGN_ENTITLEMENTS = Entitlements.plist;
				CODE_SIGN_IDENTITY = "-";
				"CODE_SIGN_IDENTITY[sdk=iphoneos*]" = "-";
				COPY_PHASE_STRIP = NO;
				ENABLE_BITCODE = NO;
				FRAMEWORK_SEARCH_PATHS = (
					"$(inherited)",
					"$(PROJECT_DIR)/Source",
				);
				GCC_DYNAMIC_NO_PIC = NO;
				GCC_INCREASE_PRECOMPILED_HEADER_SHARING = YES;
				GCC_OPTIMIZATION_LEVEL = 0;
				GCC_PRECOMPILE_PREFIX_HEADER = YES;
				GCC_PREFIX_HEADER = "Other Sources/iTransmission_Prefix.pch";
				GCC_THUMB_SUPPORT = NO;
				GCC_VERSION = "";
				HEADER_SEARCH_PATHS = "\"Libraries/include/${CURRENT_ARCH}\"/**";
				INFOPLIST_FILE = "Other Sources/iTransmission-Info.plist";
				IPHONEOS_DEPLOYMENT_TARGET = 8.0;
				LD_DEPENDENCY_INFO_FILE = "";
				LIBRARY_SEARCH_PATHS = "Libraries/lib/**";
				OTHER_LDFLAGS = (
					"-ltransmission",
					"-levent",
					"-lssl",
					"-lcrypto",
					"-lcurl",
					"-lz",
					"-lnatpmp",
					"-ldht",
					"-lminiupnp",
					"-liconv",
					"-fobjc-arc",
					"-lutp",
				);
				PRODUCT_BUNDLE_IDENTIFIER = com.ioshomebrew.itransmission;
				PRODUCT_NAME = iTransmission;
				PROVISIONING_PROFILE = "";
				SHARED_PRECOMPS_DIR = "";
				TARGETED_DEVICE_FAMILY = "1,2";
				USER_HEADER_SEARCH_PATHS = "\"Libraries/include/${CURRENT_ARCH}\"/**";
			};
			name = Debug;
		};
		898124B818884D2900DB955B /* Release */ = {
			isa = XCBuildConfiguration;
			buildSettings = {
				ALWAYS_SEARCH_USER_PATHS = NO;
				ASSETCATALOG_COMPILER_APPICON_NAME = AppIcon;
				CLANG_ENABLE_OBJC_ARC = YES;
				CLANG_LINK_OBJC_RUNTIME = NO;
				CLANG_WARN_ENUM_CONVERSION = NO;
				CLANG_WARN_INT_CONVERSION = NO;
				CODE_SIGN_ENTITLEMENTS = Entitlements.plist;
				CODE_SIGN_IDENTITY = "-";
				"CODE_SIGN_IDENTITY[sdk=iphoneos*]" = "-";
				COPY_PHASE_STRIP = YES;
				ENABLE_BITCODE = NO;
				FRAMEWORK_SEARCH_PATHS = (
					"$(inherited)",
					"$(PROJECT_DIR)/Source",
				);
				GCC_INCREASE_PRECOMPILED_HEADER_SHARING = YES;
				GCC_PRECOMPILE_PREFIX_HEADER = YES;
				GCC_PREFIX_HEADER = "Other Sources/iTransmission_Prefix.pch";
				GCC_THUMB_SUPPORT = NO;
				GCC_VERSION = "";
				HEADER_SEARCH_PATHS = "\"Libraries/include/${CURRENT_ARCH}\"/**";
				INFOPLIST_FILE = "Other Sources/iTransmission-Info.plist";
				IPHONEOS_DEPLOYMENT_TARGET = 8.0;
				LD_DEPENDENCY_INFO_FILE = "";
				LIBRARY_SEARCH_PATHS = "Libraries/lib/**";
				OTHER_LDFLAGS = (
					"-ltransmission",
					"-levent",
					"-lssl",
					"-lcrypto",
					"-lcurl",
					"-lz",
					"-lnatpmp",
					"-ldht",
					"-lminiupnp",
					"-liconv",
					"-fobjc-arc",
					"-lutp",
				);
				PRODUCT_BUNDLE_IDENTIFIER = com.ioshomebrew.itransmission;
				PRODUCT_NAME = iTransmission;
				PROVISIONING_PROFILE = "";
				SHARED_PRECOMPS_DIR = "";
				TARGETED_DEVICE_FAMILY = "1,2";
				USER_HEADER_SEARCH_PATHS = "\"Libraries/include/${CURRENT_ARCH}\"/**";
				VALIDATE_PRODUCT = YES;
			};
			name = Release;
		};
		898124B918884D2900DB955B /* Distribution */ = {
			isa = XCBuildConfiguration;
			buildSettings = {
				ALWAYS_SEARCH_USER_PATHS = NO;
				ASSETCATALOG_COMPILER_APPICON_NAME = AppIcon;
				CLANG_ENABLE_OBJC_ARC = YES;
				CLANG_LINK_OBJC_RUNTIME = NO;
				CLANG_WARN_ENUM_CONVERSION = NO;
				CLANG_WARN_INT_CONVERSION = NO;
				CODE_SIGN_ENTITLEMENTS = Entitlements.plist;
				CODE_SIGN_IDENTITY = "-";
				"CODE_SIGN_IDENTITY[sdk=iphoneos*]" = "-";
				COPY_PHASE_STRIP = YES;
				ENABLE_BITCODE = NO;
				FRAMEWORK_SEARCH_PATHS = (
					"$(inherited)",
					"$(PROJECT_DIR)/Source",
				);
				GCC_INCREASE_PRECOMPILED_HEADER_SHARING = YES;
				GCC_PRECOMPILE_PREFIX_HEADER = YES;
				GCC_PREFIX_HEADER = "Other Sources/iTransmission_Prefix.pch";
				GCC_THUMB_SUPPORT = NO;
				GCC_VERSION = "";
				HEADER_SEARCH_PATHS = "\"Libraries/include/${CURRENT_ARCH}\"/**";
				INFOPLIST_FILE = "Other Sources/iTransmission-Info.plist";
				IPHONEOS_DEPLOYMENT_TARGET = 8.0;
				LD_DEPENDENCY_INFO_FILE = "";
				LIBRARY_SEARCH_PATHS = "Libraries/lib/**";
				OTHER_LDFLAGS = (
					"-ltransmission",
					"-levent",
					"-lssl",
					"-lcrypto",
					"-lcurl",
					"-lz",
					"-lnatpmp",
					"-ldht",
					"-lminiupnp",
					"-liconv",
					"-fobjc-arc",
					"-lutp",
				);
				PRODUCT_BUNDLE_IDENTIFIER = com.ioshomebrew.itransmission;
				PRODUCT_NAME = iTransmission;
				PROVISIONING_PROFILE = "";
				SHARED_PRECOMPS_DIR = "";
				TARGETED_DEVICE_FAMILY = "1,2";
				USER_HEADER_SEARCH_PATHS = "\"Libraries/include/${CURRENT_ARCH}\"/**";
				VALIDATE_PRODUCT = YES;
			};
			name = Distribution;
		};
		C01FCF4F08A954540054247B /* Debug */ = {
			isa = XCBuildConfiguration;
			buildSettings = {
				ALWAYS_SEARCH_USER_PATHS = YES;
				CLANG_WARN_CONSTANT_CONVERSION = YES;
				CLANG_WARN_ENUM_CONVERSION = YES;
				CLANG_WARN_INT_CONVERSION = YES;
				CLANG_WARN__DUPLICATE_METHOD_MATCH = YES;
				CODE_SIGN_IDENTITY = "iPhone Developer";
				COPY_PHASE_STRIP = NO;
				ENABLE_TESTABILITY = YES;
				GCC_C_LANGUAGE_STANDARD = c99;
				GCC_ENABLE_SSE3_EXTENSIONS = NO;
				GCC_INCREASE_PRECOMPILED_HEADER_SHARING = YES;
				GCC_OPTIMIZATION_LEVEL = 0;
				GCC_PREFIX_HEADER = iTransmission_prefix.pch;
				GCC_STRICT_ALIASING = YES;
				GCC_THUMB_SUPPORT = NO;
				GCC_VERSION = "";
				GCC_WARN_ABOUT_RETURN_TYPE = YES;
				GCC_WARN_UNINITIALIZED_AUTOS = YES;
				GCC_WARN_UNUSED_VARIABLE = YES;
				HEADER_SEARCH_PATHS = "\"$(SRCROOT)/Libraries/include/${CURRENT_ARCH}\"/**";
				IPHONEOS_DEPLOYMENT_TARGET = 9.0;
				LIBRARY_SEARCH_PATHS = "\"$(SRCROOT)/Libraries/lib\"/**";
				ONLY_ACTIVE_ARCH = YES;
				OTHER_CFLAGS = "";
				SCAN_ALL_SOURCE_FILES_FOR_INCLUDES = YES;
				SDKROOT = iphoneos;
				SHARED_PRECOMPS_DIR = "";
				TARGETED_DEVICE_FAMILY = 1;
				USER_HEADER_SEARCH_PATHS = "\"$(SRCROOT)/Libraries/include/${CURRENT_ARCH}\"/**";
			};
			name = Debug;
		};
		C01FCF5008A954540054247B /* Release */ = {
			isa = XCBuildConfiguration;
			buildSettings = {
				ALWAYS_SEARCH_USER_PATHS = YES;
				CLANG_WARN_CONSTANT_CONVERSION = YES;
				CLANG_WARN_ENUM_CONVERSION = YES;
				CLANG_WARN_INT_CONVERSION = YES;
				CLANG_WARN__DUPLICATE_METHOD_MATCH = YES;
				CODE_SIGN_IDENTITY = "iPhone Distribution";
				GCC_C_LANGUAGE_STANDARD = c99;
				GCC_ENABLE_SSE3_EXTENSIONS = NO;
				GCC_INCREASE_PRECOMPILED_HEADER_SHARING = YES;
				GCC_PREFIX_HEADER = iTransmission_prefix.pch;
				GCC_STRICT_ALIASING = YES;
				GCC_THUMB_SUPPORT = NO;
				GCC_VERSION = "";
				GCC_WARN_ABOUT_RETURN_TYPE = YES;
				GCC_WARN_UNINITIALIZED_AUTOS = YES;
				GCC_WARN_UNUSED_VARIABLE = YES;
				HEADER_SEARCH_PATHS = "\"$(SRCROOT)/Libraries/include/${CURRENT_ARCH}\"/**";
				IPHONEOS_DEPLOYMENT_TARGET = 9.0;
				LIBRARY_SEARCH_PATHS = "\"$(SRCROOT)/Libraries/lib\"/**";
				ONLY_ACTIVE_ARCH = NO;
				OTHER_CFLAGS = "";
				SCAN_ALL_SOURCE_FILES_FOR_INCLUDES = YES;
				SDKROOT = iphoneos;
				SHARED_PRECOMPS_DIR = "";
				TARGETED_DEVICE_FAMILY = 1;
				USER_HEADER_SEARCH_PATHS = "\"$(SRCROOT)/Libraries/include/${CURRENT_ARCH}\"/**";
				VALIDATE_PRODUCT = YES;
			};
			name = Release;
		};
/* End XCBuildConfiguration section */

/* Begin XCConfigurationList section */
		3A887B861D14F41D0041327D /* Build configuration list for PBXAggregateTarget "Cydia Package" */ = {
			isa = XCConfigurationList;
			buildConfigurations = (
				3A887B871D14F41D0041327D /* Debug */,
				3A887B881D14F41D0041327D /* Release */,
				3A887B891D14F41D0041327D /* Distribution */,
			);
			defaultConfigurationIsVisible = 0;
		};
		7471DCFE126F27A400CB0653 /* Build configuration list for PBXAggregateTarget "IPA" */ = {
			isa = XCConfigurationList;
			buildConfigurations = (
				7471DCFB126F27A200CB0653 /* Debug */,
				7471DCFC126F27A200CB0653 /* Release */,
				740E5F92129E6902008C61FF /* Distribution */,
			);
			defaultConfigurationIsVisible = 0;
			defaultConfigurationName = Release;
		};
		898124B618884D2900DB955B /* Build configuration list for PBXNativeTarget "iTransmission" */ = {
			isa = XCConfigurationList;
			buildConfigurations = (
				898124B718884D2900DB955B /* Debug */,
				898124B818884D2900DB955B /* Release */,
				898124B918884D2900DB955B /* Distribution */,
			);
			defaultConfigurationIsVisible = 0;
			defaultConfigurationName = Release;
		};
		C01FCF4E08A954540054247B /* Build configuration list for PBXProject "iTransmission" */ = {
			isa = XCConfigurationList;
			buildConfigurations = (
				C01FCF4F08A954540054247B /* Debug */,
				C01FCF5008A954540054247B /* Release */,
				740E5F90129E6902008C61FF /* Distribution */,
			);
			defaultConfigurationIsVisible = 0;
			defaultConfigurationName = Release;
		};
/* End XCConfigurationList section */
	};
	rootObject = 29B97313FDCFA39411CA2CEA /* Project object */;
}
